// !$*UTF8*$!
{
	archiveVersion = 1;
	classes = {
	};
	objectVersion = 55;
	objects = {

/* Begin PBXBuildFile section */
		0E526FEA280C92B7007B453B /* main.cpp in Sources */ = {isa = PBXBuildFile; fileRef = 0E526FE9280C92B7007B453B /* main.cpp */; };
		0E526FF5280C92CA007B453B /* main.cpp in Sources */ = {isa = PBXBuildFile; fileRef = 0E526FF4280C92CA007B453B /* main.cpp */; };
		0E527000280D98AD007B453B /* main.cpp in Sources */ = {isa = PBXBuildFile; fileRef = 0E526FFF280D98AD007B453B /* main.cpp */; };
		0E52700B280D98C3007B453B /* main.cpp in Sources */ = {isa = PBXBuildFile; fileRef = 0E52700A280D98C3007B453B /* main.cpp */; };
		0E527016280DECC8007B453B /* main.cpp in Sources */ = {isa = PBXBuildFile; fileRef = 0E527015280DECC8007B453B /* main.cpp */; };
		0E599C7028133A9E0088D00A /* main.cpp in Sources */ = {isa = PBXBuildFile; fileRef = 0E599C6F28133A9E0088D00A /* main.cpp */; };
		0E599C7B2813465E0088D00A /* main.cpp in Sources */ = {isa = PBXBuildFile; fileRef = 0E599C7A2813465E0088D00A /* main.cpp */; };
		0E599C86281447210088D00A /* main.cpp in Sources */ = {isa = PBXBuildFile; fileRef = 0E599C85281447210088D00A /* main.cpp */; };
		0E599C9128153C500088D00A /* main.cpp in Sources */ = {isa = PBXBuildFile; fileRef = 0E599C9028153C500088D00A /* main.cpp */; };
		0E599C9C281557230088D00A /* main.cpp in Sources */ = {isa = PBXBuildFile; fileRef = 0E599C9B281557230088D00A /* main.cpp */; };
		0E599CA7281577780088D00A /* main.cpp in Sources */ = {isa = PBXBuildFile; fileRef = 0E599CA6281577780088D00A /* main.cpp */; };
		0E599CB2281577850088D00A /* main.cpp in Sources */ = {isa = PBXBuildFile; fileRef = 0E599CB1281577850088D00A /* main.cpp */; };
		0E599CBD281577900088D00A /* main.cpp in Sources */ = {isa = PBXBuildFile; fileRef = 0E599CBC281577900088D00A /* main.cpp */; };
		0EBC96F827BC442A00AE6F49 /* main.cpp in Sources */ = {isa = PBXBuildFile; fileRef = 0EBC96F727BC442A00AE6F49 /* main.cpp */; };
		0EBC970527BC4BFD00AE6F49 /* main.cpp in Sources */ = {isa = PBXBuildFile; fileRef = 0EBC970427BC4BFD00AE6F49 /* main.cpp */; };
		0EBC971027BE520100AE6F49 /* main.cpp in Sources */ = {isa = PBXBuildFile; fileRef = 0EBC970F27BE520100AE6F49 /* main.cpp */; };
		0EBC971B27BE5EA500AE6F49 /* main.cpp in Sources */ = {isa = PBXBuildFile; fileRef = 0EBC971A27BE5EA500AE6F49 /* main.cpp */; };
		0EBC975A27C19FED00AE6F49 /* main.cpp in Sources */ = {isa = PBXBuildFile; fileRef = 0EBC975927C19FED00AE6F49 /* main.cpp */; };
		0EBC976527C5369300AE6F49 /* main.cpp in Sources */ = {isa = PBXBuildFile; fileRef = 0EBC976427C5369300AE6F49 /* main.cpp */; };
		0EBC977C27D4FACA00AE6F49 /* main.cpp in Sources */ = {isa = PBXBuildFile; fileRef = 0EBC977B27D4FACA00AE6F49 /* main.cpp */; };
		0EBC979227D694E100AE6F49 /* main.cpp in Sources */ = {isa = PBXBuildFile; fileRef = 0EBC979127D694E100AE6F49 /* main.cpp */; };
		0EBC97A827D7B3A600AE6F49 /* main.cpp in Sources */ = {isa = PBXBuildFile; fileRef = 0EBC97A727D7B3A600AE6F49 /* main.cpp */; };
		0EBC97AE27D7B65C00AE6F49 /* lists.cpp in Sources */ = {isa = PBXBuildFile; fileRef = 0EBC97AC27D7B65C00AE6F49 /* lists.cpp */; };
/* End PBXBuildFile section */

/* Begin PBXCopyFilesBuildPhase section */
		0E526FE5280C92B7007B453B /* CopyFiles */ = {
			isa = PBXCopyFilesBuildPhase;
			buildActionMask = 2147483647;
			dstPath = /usr/share/man/man1/;
			dstSubfolderSpec = 0;
			files = (
			);
			runOnlyForDeploymentPostprocessing = 1;
		};
		0E526FF0280C92CA007B453B /* CopyFiles */ = {
			isa = PBXCopyFilesBuildPhase;
			buildActionMask = 2147483647;
			dstPath = /usr/share/man/man1/;
			dstSubfolderSpec = 0;
			files = (
			);
			runOnlyForDeploymentPostprocessing = 1;
		};
		0E526FFB280D98AD007B453B /* CopyFiles */ = {
			isa = PBXCopyFilesBuildPhase;
			buildActionMask = 2147483647;
			dstPath = /usr/share/man/man1/;
			dstSubfolderSpec = 0;
			files = (
			);
			runOnlyForDeploymentPostprocessing = 1;
		};
		0E527006280D98C3007B453B /* CopyFiles */ = {
			isa = PBXCopyFilesBuildPhase;
			buildActionMask = 2147483647;
			dstPath = /usr/share/man/man1/;
			dstSubfolderSpec = 0;
			files = (
			);
			runOnlyForDeploymentPostprocessing = 1;
		};
		0E527011280DECC8007B453B /* CopyFiles */ = {
			isa = PBXCopyFilesBuildPhase;
			buildActionMask = 2147483647;
			dstPath = /usr/share/man/man1/;
			dstSubfolderSpec = 0;
			files = (
			);
			runOnlyForDeploymentPostprocessing = 1;
		};
		0E599C6B28133A9E0088D00A /* CopyFiles */ = {
			isa = PBXCopyFilesBuildPhase;
			buildActionMask = 2147483647;
			dstPath = /usr/share/man/man1/;
			dstSubfolderSpec = 0;
			files = (
			);
			runOnlyForDeploymentPostprocessing = 1;
		};
		0E599C762813465E0088D00A /* CopyFiles */ = {
			isa = PBXCopyFilesBuildPhase;
			buildActionMask = 2147483647;
			dstPath = /usr/share/man/man1/;
			dstSubfolderSpec = 0;
			files = (
			);
			runOnlyForDeploymentPostprocessing = 1;
		};
		0E599C81281447210088D00A /* CopyFiles */ = {
			isa = PBXCopyFilesBuildPhase;
			buildActionMask = 2147483647;
			dstPath = /usr/share/man/man1/;
			dstSubfolderSpec = 0;
			files = (
			);
			runOnlyForDeploymentPostprocessing = 1;
		};
		0E599C8C28153C500088D00A /* CopyFiles */ = {
			isa = PBXCopyFilesBuildPhase;
			buildActionMask = 2147483647;
			dstPath = /usr/share/man/man1/;
			dstSubfolderSpec = 0;
			files = (
			);
			runOnlyForDeploymentPostprocessing = 1;
		};
		0E599C97281557230088D00A /* CopyFiles */ = {
			isa = PBXCopyFilesBuildPhase;
			buildActionMask = 2147483647;
			dstPath = /usr/share/man/man1/;
			dstSubfolderSpec = 0;
			files = (
			);
			runOnlyForDeploymentPostprocessing = 1;
		};
		0E599CA2281577780088D00A /* CopyFiles */ = {
			isa = PBXCopyFilesBuildPhase;
			buildActionMask = 2147483647;
			dstPath = /usr/share/man/man1/;
			dstSubfolderSpec = 0;
			files = (
			);
			runOnlyForDeploymentPostprocessing = 1;
		};
		0E599CAD281577850088D00A /* CopyFiles */ = {
			isa = PBXCopyFilesBuildPhase;
			buildActionMask = 2147483647;
			dstPath = /usr/share/man/man1/;
			dstSubfolderSpec = 0;
			files = (
			);
			runOnlyForDeploymentPostprocessing = 1;
		};
		0E599CB8281577900088D00A /* CopyFiles */ = {
			isa = PBXCopyFilesBuildPhase;
			buildActionMask = 2147483647;
			dstPath = /usr/share/man/man1/;
			dstSubfolderSpec = 0;
			files = (
			);
			runOnlyForDeploymentPostprocessing = 1;
		};
		0EBC96F227BC442A00AE6F49 /* CopyFiles */ = {
			isa = PBXCopyFilesBuildPhase;
			buildActionMask = 2147483647;
			dstPath = /usr/share/man/man1/;
			dstSubfolderSpec = 0;
			files = (
			);
			runOnlyForDeploymentPostprocessing = 1;
		};
		0EBC970027BC4BFD00AE6F49 /* CopyFiles */ = {
			isa = PBXCopyFilesBuildPhase;
			buildActionMask = 2147483647;
			dstPath = /usr/share/man/man1/;
			dstSubfolderSpec = 0;
			files = (
			);
			runOnlyForDeploymentPostprocessing = 1;
		};
		0EBC970B27BE520100AE6F49 /* CopyFiles */ = {
			isa = PBXCopyFilesBuildPhase;
			buildActionMask = 2147483647;
			dstPath = /usr/share/man/man1/;
			dstSubfolderSpec = 0;
			files = (
			);
			runOnlyForDeploymentPostprocessing = 1;
		};
		0EBC971627BE5EA500AE6F49 /* CopyFiles */ = {
			isa = PBXCopyFilesBuildPhase;
			buildActionMask = 2147483647;
			dstPath = /usr/share/man/man1/;
			dstSubfolderSpec = 0;
			files = (
			);
			runOnlyForDeploymentPostprocessing = 1;
		};
		0EBC975527C19FED00AE6F49 /* CopyFiles */ = {
			isa = PBXCopyFilesBuildPhase;
			buildActionMask = 2147483647;
			dstPath = /usr/share/man/man1/;
			dstSubfolderSpec = 0;
			files = (
			);
			runOnlyForDeploymentPostprocessing = 1;
		};
		0EBC976027C5369300AE6F49 /* CopyFiles */ = {
			isa = PBXCopyFilesBuildPhase;
			buildActionMask = 2147483647;
			dstPath = /usr/share/man/man1/;
			dstSubfolderSpec = 0;
			files = (
			);
			runOnlyForDeploymentPostprocessing = 1;
		};
		0EBC976C27D01A4400AE6F49 /* CopyFiles */ = {
			isa = PBXCopyFilesBuildPhase;
			buildActionMask = 2147483647;
			dstPath = /usr/share/man/man1/;
			dstSubfolderSpec = 0;
			files = (
			);
			runOnlyForDeploymentPostprocessing = 1;
		};
		0EBC977727D4FAC900AE6F49 /* CopyFiles */ = {
			isa = PBXCopyFilesBuildPhase;
			buildActionMask = 2147483647;
			dstPath = /usr/share/man/man1/;
			dstSubfolderSpec = 0;
			files = (
			);
			runOnlyForDeploymentPostprocessing = 1;
		};
		0EBC978227D694B400AE6F49 /* CopyFiles */ = {
			isa = PBXCopyFilesBuildPhase;
			buildActionMask = 2147483647;
			dstPath = /usr/share/man/man1/;
			dstSubfolderSpec = 0;
			files = (
			);
			runOnlyForDeploymentPostprocessing = 1;
		};
		0EBC978D27D694E100AE6F49 /* CopyFiles */ = {
			isa = PBXCopyFilesBuildPhase;
			buildActionMask = 2147483647;
			dstPath = /usr/share/man/man1/;
			dstSubfolderSpec = 0;
			files = (
			);
			runOnlyForDeploymentPostprocessing = 1;
		};
		0EBC979827D7B33000AE6F49 /* CopyFiles */ = {
			isa = PBXCopyFilesBuildPhase;
			buildActionMask = 2147483647;
			dstPath = /usr/share/man/man1/;
			dstSubfolderSpec = 0;
			files = (
			);
			runOnlyForDeploymentPostprocessing = 1;
		};
		0EBC97A327D7B3A600AE6F49 /* CopyFiles */ = {
			isa = PBXCopyFilesBuildPhase;
			buildActionMask = 2147483647;
			dstPath = /usr/share/man/man1/;
			dstSubfolderSpec = 0;
			files = (
			);
			runOnlyForDeploymentPostprocessing = 1;
		};
/* End PBXCopyFilesBuildPhase section */

/* Begin PBXFileReference section */
		0E526FE7280C92B7007B453B /* quicksort */ = {isa = PBXFileReference; explicitFileType = "compiled.mach-o.executable"; includeInIndex = 0; path = quicksort; sourceTree = BUILT_PRODUCTS_DIR; };
		0E526FE9280C92B7007B453B /* main.cpp */ = {isa = PBXFileReference; lastKnownFileType = sourcecode.cpp.cpp; path = main.cpp; sourceTree = "<group>"; };
		0E526FF2280C92CA007B453B /* sort */ = {isa = PBXFileReference; explicitFileType = "compiled.mach-o.executable"; includeInIndex = 0; path = sort; sourceTree = BUILT_PRODUCTS_DIR; };
		0E526FF4280C92CA007B453B /* main.cpp */ = {isa = PBXFileReference; lastKnownFileType = sourcecode.cpp.cpp; path = main.cpp; sourceTree = "<group>"; };
		0E526FFD280D98AD007B453B /* I_vec_list */ = {isa = PBXFileReference; explicitFileType = "compiled.mach-o.executable"; includeInIndex = 0; path = I_vec_list; sourceTree = BUILT_PRODUCTS_DIR; };
		0E526FFF280D98AD007B453B /* main.cpp */ = {isa = PBXFileReference; lastKnownFileType = sourcecode.cpp.cpp; path = main.cpp; sourceTree = "<group>"; };
		0E527008280D98C3007B453B /* II_vec_list */ = {isa = PBXFileReference; explicitFileType = "compiled.mach-o.executable"; includeInIndex = 0; path = II_vec_list; sourceTree = BUILT_PRODUCTS_DIR; };
		0E52700A280D98C3007B453B /* main.cpp */ = {isa = PBXFileReference; lastKnownFileType = sourcecode.cpp.cpp; path = main.cpp; sourceTree = "<group>"; };
		0E527013280DECC8007B453B /* stablesort */ = {isa = PBXFileReference; explicitFileType = "compiled.mach-o.executable"; includeInIndex = 0; path = stablesort; sourceTree = BUILT_PRODUCTS_DIR; };
		0E527015280DECC8007B453B /* main.cpp */ = {isa = PBXFileReference; lastKnownFileType = sourcecode.cpp.cpp; path = main.cpp; sourceTree = "<group>"; };
		0E599C6D28133A9E0088D00A /* algorithm_I */ = {isa = PBXFileReference; explicitFileType = "compiled.mach-o.executable"; includeInIndex = 0; path = algorithm_I; sourceTree = BUILT_PRODUCTS_DIR; };
		0E599C6F28133A9E0088D00A /* main.cpp */ = {isa = PBXFileReference; lastKnownFileType = sourcecode.cpp.cpp; path = main.cpp; sourceTree = "<group>"; };
		0E599C782813465E0088D00A /* algorithm_II */ = {isa = PBXFileReference; explicitFileType = "compiled.mach-o.executable"; includeInIndex = 0; path = algorithm_II; sourceTree = BUILT_PRODUCTS_DIR; };
		0E599C7A2813465E0088D00A /* main.cpp */ = {isa = PBXFileReference; lastKnownFileType = sourcecode.cpp.cpp; path = main.cpp; sourceTree = "<group>"; };
		0E599C83281447210088D00A /* set_I */ = {isa = PBXFileReference; explicitFileType = "compiled.mach-o.executable"; includeInIndex = 0; path = set_I; sourceTree = BUILT_PRODUCTS_DIR; };
		0E599C85281447210088D00A /* main.cpp */ = {isa = PBXFileReference; lastKnownFileType = sourcecode.cpp.cpp; path = main.cpp; sourceTree = "<group>"; };
		0E599C8E28153C500088D00A /* set_II */ = {isa = PBXFileReference; explicitFileType = "compiled.mach-o.executable"; includeInIndex = 0; path = set_II; sourceTree = BUILT_PRODUCTS_DIR; };
		0E599C9028153C500088D00A /* main.cpp */ = {isa = PBXFileReference; lastKnownFileType = sourcecode.cpp.cpp; path = main.cpp; sourceTree = "<group>"; };
		0E599C99281557230088D00A /* set_III */ = {isa = PBXFileReference; explicitFileType = "compiled.mach-o.executable"; includeInIndex = 0; path = set_III; sourceTree = BUILT_PRODUCTS_DIR; };
		0E599C9B281557230088D00A /* main.cpp */ = {isa = PBXFileReference; lastKnownFileType = sourcecode.cpp.cpp; path = main.cpp; sourceTree = "<group>"; };
		0E599CA4281577780088D00A /* set_IV */ = {isa = PBXFileReference; explicitFileType = "compiled.mach-o.executable"; includeInIndex = 0; path = set_IV; sourceTree = BUILT_PRODUCTS_DIR; };
		0E599CA6281577780088D00A /* main.cpp */ = {isa = PBXFileReference; lastKnownFileType = sourcecode.cpp.cpp; path = main.cpp; sourceTree = "<group>"; };
		0E599CAF281577850088D00A /* map_I */ = {isa = PBXFileReference; explicitFileType = "compiled.mach-o.executable"; includeInIndex = 0; path = map_I; sourceTree = BUILT_PRODUCTS_DIR; };
		0E599CB1281577850088D00A /* main.cpp */ = {isa = PBXFileReference; lastKnownFileType = sourcecode.cpp.cpp; path = main.cpp; sourceTree = "<group>"; };
		0E599CBA281577900088D00A /* map_II */ = {isa = PBXFileReference; explicitFileType = "compiled.mach-o.executable"; includeInIndex = 0; path = map_II; sourceTree = BUILT_PRODUCTS_DIR; };
		0E599CBC281577900088D00A /* main.cpp */ = {isa = PBXFileReference; lastKnownFileType = sourcecode.cpp.cpp; path = main.cpp; sourceTree = "<group>"; };
		0EBC96F427BC442A00AE6F49 /* 2sem */ = {isa = PBXFileReference; explicitFileType = "compiled.mach-o.executable"; includeInIndex = 0; path = 2sem; sourceTree = BUILT_PRODUCTS_DIR; };
		0EBC96F727BC442A00AE6F49 /* main.cpp */ = {isa = PBXFileReference; lastKnownFileType = sourcecode.cpp.cpp; path = main.cpp; sourceTree = "<group>"; };
		0EBC970227BC4BFD00AE6F49 /* rec_II_18 */ = {isa = PBXFileReference; explicitFileType = "compiled.mach-o.executable"; includeInIndex = 0; path = rec_II_18; sourceTree = BUILT_PRODUCTS_DIR; };
		0EBC970427BC4BFD00AE6F49 /* main.cpp */ = {isa = PBXFileReference; lastKnownFileType = sourcecode.cpp.cpp; path = main.cpp; sourceTree = "<group>"; };
		0EBC970D27BE520100AE6F49 /* rec_III_16 */ = {isa = PBXFileReference; explicitFileType = "compiled.mach-o.executable"; includeInIndex = 0; path = rec_III_16; sourceTree = BUILT_PRODUCTS_DIR; };
		0EBC970F27BE520100AE6F49 /* main.cpp */ = {isa = PBXFileReference; lastKnownFileType = sourcecode.cpp.cpp; path = main.cpp; sourceTree = "<group>"; };
		0EBC971827BE5EA500AE6F49 /* load_IV_5 */ = {isa = PBXFileReference; explicitFileType = "compiled.mach-o.executable"; includeInIndex = 0; path = load_IV_5; sourceTree = BUILT_PRODUCTS_DIR; };
		0EBC971A27BE5EA500AE6F49 /* main.cpp */ = {isa = PBXFileReference; lastKnownFileType = sourcecode.cpp.cpp; path = main.cpp; sourceTree = "<group>"; };
		0EBC975727C19FED00AE6F49 /* temp */ = {isa = PBXFileReference; explicitFileType = "compiled.mach-o.executable"; includeInIndex = 0; path = temp; sourceTree = BUILT_PRODUCTS_DIR; };
		0EBC975927C19FED00AE6F49 /* main.cpp */ = {isa = PBXFileReference; lastKnownFileType = sourcecode.cpp.cpp; path = main.cpp; sourceTree = "<group>"; };
		0EBC976227C5369300AE6F49 /* class */ = {isa = PBXFileReference; explicitFileType = "compiled.mach-o.executable"; includeInIndex = 0; path = class; sourceTree = BUILT_PRODUCTS_DIR; };
		0EBC976427C5369300AE6F49 /* main.cpp */ = {isa = PBXFileReference; lastKnownFileType = sourcecode.cpp.cpp; path = main.cpp; sourceTree = "<group>"; };
		0EBC976927CFF43600AE6F49 /* input.txt */ = {isa = PBXFileReference; lastKnownFileType = text; path = input.txt; sourceTree = "<group>"; };
		0EBC976E27D01A4400AE6F49 /* else */ = {isa = PBXFileReference; explicitFileType = "compiled.mach-o.executable"; includeInIndex = 0; path = else; sourceTree = BUILT_PRODUCTS_DIR; };
		0EBC977927D4FACA00AE6F49 /* inheritance */ = {isa = PBXFileReference; explicitFileType = "compiled.mach-o.executable"; includeInIndex = 0; path = inheritance; sourceTree = BUILT_PRODUCTS_DIR; };
		0EBC977B27D4FACA00AE6F49 /* main.cpp */ = {isa = PBXFileReference; lastKnownFileType = sourcecode.cpp.cpp; path = main.cpp; sourceTree = "<group>"; };
		0EBC978427D694B400AE6F49 /* ex */ = {isa = PBXFileReference; explicitFileType = "compiled.mach-o.executable"; includeInIndex = 0; path = ex; sourceTree = BUILT_PRODUCTS_DIR; };
		0EBC978F27D694E100AE6F49 /* ex1 */ = {isa = PBXFileReference; explicitFileType = "compiled.mach-o.executable"; includeInIndex = 0; path = ex1; sourceTree = BUILT_PRODUCTS_DIR; };
		0EBC979127D694E100AE6F49 /* main.cpp */ = {isa = PBXFileReference; lastKnownFileType = sourcecode.cpp.cpp; path = main.cpp; sourceTree = "<group>"; };
		0EBC979A27D7B33000AE6F49 /* lists */ = {isa = PBXFileReference; explicitFileType = "compiled.mach-o.executable"; includeInIndex = 0; path = lists; sourceTree = BUILT_PRODUCTS_DIR; };
		0EBC97A527D7B3A600AE6F49 /* 16 */ = {isa = PBXFileReference; explicitFileType = "compiled.mach-o.executable"; includeInIndex = 0; path = 16; sourceTree = BUILT_PRODUCTS_DIR; };
		0EBC97A727D7B3A600AE6F49 /* main.cpp */ = {isa = PBXFileReference; lastKnownFileType = sourcecode.cpp.cpp; path = main.cpp; sourceTree = "<group>"; };
		0EBC97AC27D7B65C00AE6F49 /* lists.cpp */ = {isa = PBXFileReference; lastKnownFileType = sourcecode.cpp.cpp; path = lists.cpp; sourceTree = "<group>"; };
		0EBC97AD27D7B65C00AE6F49 /* lists.hpp */ = {isa = PBXFileReference; lastKnownFileType = sourcecode.cpp.h; path = lists.hpp; sourceTree = "<group>"; };
		0EBC97B027D7B9B800AE6F49 /* output.txt */ = {isa = PBXFileReference; lastKnownFileType = text; path = output.txt; sourceTree = "<group>"; };
		0EBC97B127D7B9EC00AE6F49 /* File.txt */ = {isa = PBXFileReference; lastKnownFileType = text; path = File.txt; sourceTree = "<group>"; };
/* End PBXFileReference section */

/* Begin PBXFrameworksBuildPhase section */
		0E526FE4280C92B7007B453B /* Frameworks */ = {
			isa = PBXFrameworksBuildPhase;
			buildActionMask = 2147483647;
			files = (
			);
			runOnlyForDeploymentPostprocessing = 0;
		};
		0E526FEF280C92CA007B453B /* Frameworks */ = {
			isa = PBXFrameworksBuildPhase;
			buildActionMask = 2147483647;
			files = (
			);
			runOnlyForDeploymentPostprocessing = 0;
		};
		0E526FFA280D98AD007B453B /* Frameworks */ = {
			isa = PBXFrameworksBuildPhase;
			buildActionMask = 2147483647;
			files = (
			);
			runOnlyForDeploymentPostprocessing = 0;
		};
		0E527005280D98C3007B453B /* Frameworks */ = {
			isa = PBXFrameworksBuildPhase;
			buildActionMask = 2147483647;
			files = (
			);
			runOnlyForDeploymentPostprocessing = 0;
		};
		0E527010280DECC8007B453B /* Frameworks */ = {
			isa = PBXFrameworksBuildPhase;
			buildActionMask = 2147483647;
			files = (
			);
			runOnlyForDeploymentPostprocessing = 0;
		};
		0E599C6A28133A9E0088D00A /* Frameworks */ = {
			isa = PBXFrameworksBuildPhase;
			buildActionMask = 2147483647;
			files = (
			);
			runOnlyForDeploymentPostprocessing = 0;
		};
		0E599C752813465E0088D00A /* Frameworks */ = {
			isa = PBXFrameworksBuildPhase;
			buildActionMask = 2147483647;
			files = (
			);
			runOnlyForDeploymentPostprocessing = 0;
		};
		0E599C80281447210088D00A /* Frameworks */ = {
			isa = PBXFrameworksBuildPhase;
			buildActionMask = 2147483647;
			files = (
			);
			runOnlyForDeploymentPostprocessing = 0;
		};
		0E599C8B28153C500088D00A /* Frameworks */ = {
			isa = PBXFrameworksBuildPhase;
			buildActionMask = 2147483647;
			files = (
			);
			runOnlyForDeploymentPostprocessing = 0;
		};
		0E599C96281557230088D00A /* Frameworks */ = {
			isa = PBXFrameworksBuildPhase;
			buildActionMask = 2147483647;
			files = (
			);
			runOnlyForDeploymentPostprocessing = 0;
		};
		0E599CA1281577780088D00A /* Frameworks */ = {
			isa = PBXFrameworksBuildPhase;
			buildActionMask = 2147483647;
			files = (
			);
			runOnlyForDeploymentPostprocessing = 0;
		};
		0E599CAC281577850088D00A /* Frameworks */ = {
			isa = PBXFrameworksBuildPhase;
			buildActionMask = 2147483647;
			files = (
			);
			runOnlyForDeploymentPostprocessing = 0;
		};
		0E599CB7281577900088D00A /* Frameworks */ = {
			isa = PBXFrameworksBuildPhase;
			buildActionMask = 2147483647;
			files = (
			);
			runOnlyForDeploymentPostprocessing = 0;
		};
		0EBC96F127BC442A00AE6F49 /* Frameworks */ = {
			isa = PBXFrameworksBuildPhase;
			buildActionMask = 2147483647;
			files = (
			);
			runOnlyForDeploymentPostprocessing = 0;
		};
		0EBC96FF27BC4BFD00AE6F49 /* Frameworks */ = {
			isa = PBXFrameworksBuildPhase;
			buildActionMask = 2147483647;
			files = (
			);
			runOnlyForDeploymentPostprocessing = 0;
		};
		0EBC970A27BE520100AE6F49 /* Frameworks */ = {
			isa = PBXFrameworksBuildPhase;
			buildActionMask = 2147483647;
			files = (
			);
			runOnlyForDeploymentPostprocessing = 0;
		};
		0EBC971527BE5EA500AE6F49 /* Frameworks */ = {
			isa = PBXFrameworksBuildPhase;
			buildActionMask = 2147483647;
			files = (
			);
			runOnlyForDeploymentPostprocessing = 0;
		};
		0EBC975427C19FED00AE6F49 /* Frameworks */ = {
			isa = PBXFrameworksBuildPhase;
			buildActionMask = 2147483647;
			files = (
			);
			runOnlyForDeploymentPostprocessing = 0;
		};
		0EBC975F27C5369300AE6F49 /* Frameworks */ = {
			isa = PBXFrameworksBuildPhase;
			buildActionMask = 2147483647;
			files = (
			);
			runOnlyForDeploymentPostprocessing = 0;
		};
		0EBC976B27D01A4400AE6F49 /* Frameworks */ = {
			isa = PBXFrameworksBuildPhase;
			buildActionMask = 2147483647;
			files = (
			);
			runOnlyForDeploymentPostprocessing = 0;
		};
		0EBC977627D4FAC900AE6F49 /* Frameworks */ = {
			isa = PBXFrameworksBuildPhase;
			buildActionMask = 2147483647;
			files = (
			);
			runOnlyForDeploymentPostprocessing = 0;
		};
		0EBC978127D694B400AE6F49 /* Frameworks */ = {
			isa = PBXFrameworksBuildPhase;
			buildActionMask = 2147483647;
			files = (
			);
			runOnlyForDeploymentPostprocessing = 0;
		};
		0EBC978C27D694E100AE6F49 /* Frameworks */ = {
			isa = PBXFrameworksBuildPhase;
			buildActionMask = 2147483647;
			files = (
			);
			runOnlyForDeploymentPostprocessing = 0;
		};
		0EBC979727D7B33000AE6F49 /* Frameworks */ = {
			isa = PBXFrameworksBuildPhase;
			buildActionMask = 2147483647;
			files = (
			);
			runOnlyForDeploymentPostprocessing = 0;
		};
		0EBC97A227D7B3A600AE6F49 /* Frameworks */ = {
			isa = PBXFrameworksBuildPhase;
			buildActionMask = 2147483647;
			files = (
			);
			runOnlyForDeploymentPostprocessing = 0;
		};
/* End PBXFrameworksBuildPhase section */

/* Begin PBXGroup section */
		0E526FE8280C92B7007B453B /* quicksort */ = {
			isa = PBXGroup;
			children = (
				0E526FE9280C92B7007B453B /* main.cpp */,
			);
			path = quicksort;
			sourceTree = "<group>";
		};
		0E526FF3280C92CA007B453B /* sort */ = {
			isa = PBXGroup;
			children = (
				0E526FF4280C92CA007B453B /* main.cpp */,
			);
			path = sort;
			sourceTree = "<group>";
		};
		0E526FFE280D98AD007B453B /* I_vec_list */ = {
			isa = PBXGroup;
			children = (
				0E526FFF280D98AD007B453B /* main.cpp */,
			);
			path = I_vec_list;
			sourceTree = "<group>";
		};
		0E527009280D98C3007B453B /* II_vec_list */ = {
			isa = PBXGroup;
			children = (
				0E52700A280D98C3007B453B /* main.cpp */,
			);
			path = II_vec_list;
			sourceTree = "<group>";
		};
		0E527014280DECC8007B453B /* stablesort */ = {
			isa = PBXGroup;
			children = (
				0E527015280DECC8007B453B /* main.cpp */,
			);
			path = stablesort;
			sourceTree = "<group>";
		};
		0E599C6E28133A9E0088D00A /* algorithm_I */ = {
			isa = PBXGroup;
			children = (
				0E599C6F28133A9E0088D00A /* main.cpp */,
			);
			path = algorithm_I;
			sourceTree = "<group>";
		};
		0E599C792813465E0088D00A /* algorithm_II */ = {
			isa = PBXGroup;
			children = (
				0E599C7A2813465E0088D00A /* main.cpp */,
			);
			path = algorithm_II;
			sourceTree = "<group>";
		};
		0E599C84281447210088D00A /* set_I */ = {
			isa = PBXGroup;
			children = (
				0E599C85281447210088D00A /* main.cpp */,
			);
			path = set_I;
			sourceTree = "<group>";
		};
		0E599C8F28153C500088D00A /* set_II */ = {
			isa = PBXGroup;
			children = (
				0E599C9028153C500088D00A /* main.cpp */,
			);
			path = set_II;
			sourceTree = "<group>";
		};
		0E599C9A281557230088D00A /* set_III */ = {
			isa = PBXGroup;
			children = (
				0E599C9B281557230088D00A /* main.cpp */,
			);
			path = set_III;
			sourceTree = "<group>";
		};
		0E599CA5281577780088D00A /* set_IV */ = {
			isa = PBXGroup;
			children = (
				0E599CA6281577780088D00A /* main.cpp */,
			);
			path = set_IV;
			sourceTree = "<group>";
		};
		0E599CB0281577850088D00A /* map_I */ = {
			isa = PBXGroup;
			children = (
				0E599CB1281577850088D00A /* main.cpp */,
			);
			path = map_I;
			sourceTree = "<group>";
		};
		0E599CBB281577900088D00A /* map_II */ = {
			isa = PBXGroup;
			children = (
				0E599CBC281577900088D00A /* main.cpp */,
			);
			path = map_II;
			sourceTree = "<group>";
		};
		0EBC96EB27BC442A00AE6F49 = {
			isa = PBXGroup;
			children = (
				0EBC97B027D7B9B800AE6F49 /* output.txt */,
				0EBC976927CFF43600AE6F49 /* input.txt */,
				0EBC97B127D7B9EC00AE6F49 /* File.txt */,
				0EBC96F627BC442A00AE6F49 /* 2sem */,
				0EBC970327BC4BFD00AE6F49 /* rec_II_18 */,
				0EBC970E27BE520100AE6F49 /* rec_III_16 */,
				0EBC971927BE5EA500AE6F49 /* load_IV_5 */,
				0EBC975827C19FED00AE6F49 /* temp */,
				0EBC976327C5369300AE6F49 /* class */,
				0EBC977A27D4FACA00AE6F49 /* inheritance */,
				0EBC979027D694E100AE6F49 /* ex1 */,
				0EBC979B27D7B33000AE6F49 /* lists */,
				0EBC97A627D7B3A600AE6F49 /* 16 */,
				0E526FE8280C92B7007B453B /* quicksort */,
				0E526FFE280D98AD007B453B /* I_vec_list */,
				0E527009280D98C3007B453B /* II_vec_list */,
				0E526FF3280C92CA007B453B /* sort */,
				0E527014280DECC8007B453B /* stablesort */,
				0E599C6E28133A9E0088D00A /* algorithm_I */,
				0E599C792813465E0088D00A /* algorithm_II */,
				0E599C84281447210088D00A /* set_I */,
				0E599C8F28153C500088D00A /* set_II */,
				0E599C9A281557230088D00A /* set_III */,
				0E599CA5281577780088D00A /* set_IV */,
				0E599CB0281577850088D00A /* map_I */,
				0E599CBB281577900088D00A /* map_II */,
				0EBC96F527BC442A00AE6F49 /* Products */,
			);
			sourceTree = "<group>";
		};
		0EBC96F527BC442A00AE6F49 /* Products */ = {
			isa = PBXGroup;
			children = (
				0EBC96F427BC442A00AE6F49 /* 2sem */,
				0EBC970227BC4BFD00AE6F49 /* rec_II_18 */,
				0EBC970D27BE520100AE6F49 /* rec_III_16 */,
				0EBC971827BE5EA500AE6F49 /* load_IV_5 */,
				0EBC975727C19FED00AE6F49 /* temp */,
				0EBC976227C5369300AE6F49 /* class */,
				0EBC976E27D01A4400AE6F49 /* else */,
				0EBC977927D4FACA00AE6F49 /* inheritance */,
				0EBC978427D694B400AE6F49 /* ex */,
				0EBC978F27D694E100AE6F49 /* ex1 */,
				0EBC979A27D7B33000AE6F49 /* lists */,
				0EBC97A527D7B3A600AE6F49 /* 16 */,
				0E526FE7280C92B7007B453B /* quicksort */,
				0E526FF2280C92CA007B453B /* sort */,
				0E526FFD280D98AD007B453B /* I_vec_list */,
				0E527008280D98C3007B453B /* II_vec_list */,
				0E527013280DECC8007B453B /* stablesort */,
				0E599C6D28133A9E0088D00A /* algorithm_I */,
				0E599C782813465E0088D00A /* algorithm_II */,
				0E599C83281447210088D00A /* set_I */,
				0E599C8E28153C500088D00A /* set_II */,
				0E599C99281557230088D00A /* set_III */,
				0E599CA4281577780088D00A /* set_IV */,
				0E599CAF281577850088D00A /* map_I */,
				0E599CBA281577900088D00A /* map_II */,
			);
			name = Products;
			sourceTree = "<group>";
		};
		0EBC96F627BC442A00AE6F49 /* 2sem */ = {
			isa = PBXGroup;
			children = (
				0EBC96F727BC442A00AE6F49 /* main.cpp */,
			);
			path = 2sem;
			sourceTree = "<group>";
		};
		0EBC970327BC4BFD00AE6F49 /* rec_II_18 */ = {
			isa = PBXGroup;
			children = (
				0EBC970427BC4BFD00AE6F49 /* main.cpp */,
			);
			path = rec_II_18;
			sourceTree = "<group>";
		};
		0EBC970E27BE520100AE6F49 /* rec_III_16 */ = {
			isa = PBXGroup;
			children = (
				0EBC970F27BE520100AE6F49 /* main.cpp */,
			);
			path = rec_III_16;
			sourceTree = "<group>";
		};
		0EBC971927BE5EA500AE6F49 /* load_IV_5 */ = {
			isa = PBXGroup;
			children = (
				0EBC971A27BE5EA500AE6F49 /* main.cpp */,
			);
			path = load_IV_5;
			sourceTree = "<group>";
		};
		0EBC975827C19FED00AE6F49 /* temp */ = {
			isa = PBXGroup;
			children = (
				0EBC975927C19FED00AE6F49 /* main.cpp */,
			);
			path = temp;
			sourceTree = "<group>";
		};
		0EBC976327C5369300AE6F49 /* class */ = {
			isa = PBXGroup;
			children = (
				0EBC976427C5369300AE6F49 /* main.cpp */,
			);
			path = class;
			sourceTree = "<group>";
		};
		0EBC977A27D4FACA00AE6F49 /* inheritance */ = {
			isa = PBXGroup;
			children = (
				0EBC977B27D4FACA00AE6F49 /* main.cpp */,
			);
			path = inheritance;
			sourceTree = "<group>";
		};
		0EBC979027D694E100AE6F49 /* ex1 */ = {
			isa = PBXGroup;
			children = (
				0EBC979127D694E100AE6F49 /* main.cpp */,
			);
			path = ex1;
			sourceTree = "<group>";
		};
		0EBC979B27D7B33000AE6F49 /* lists */ = {
			isa = PBXGroup;
			children = (
			);
			path = lists;
			sourceTree = "<group>";
		};
		0EBC97A627D7B3A600AE6F49 /* 16 */ = {
			isa = PBXGroup;
			children = (
				0EBC97A727D7B3A600AE6F49 /* main.cpp */,
				0EBC97AC27D7B65C00AE6F49 /* lists.cpp */,
				0EBC97AD27D7B65C00AE6F49 /* lists.hpp */,
			);
			path = 16;
			sourceTree = "<group>";
		};
/* End PBXGroup section */

/* Begin PBXNativeTarget section */
		0E526FE6280C92B7007B453B /* quicksort */ = {
			isa = PBXNativeTarget;
			buildConfigurationList = 0E526FED280C92B7007B453B /* Build configuration list for PBXNativeTarget "quicksort" */;
			buildPhases = (
				0E526FE3280C92B7007B453B /* Sources */,
				0E526FE4280C92B7007B453B /* Frameworks */,
				0E526FE5280C92B7007B453B /* CopyFiles */,
			);
			buildRules = (
			);
			dependencies = (
			);
			name = quicksort;
			productName = quicksort;
			productReference = 0E526FE7280C92B7007B453B /* quicksort */;
			productType = "com.apple.product-type.tool";
		};
		0E526FF1280C92CA007B453B /* sort */ = {
			isa = PBXNativeTarget;
			buildConfigurationList = 0E526FF6280C92CA007B453B /* Build configuration list for PBXNativeTarget "sort" */;
			buildPhases = (
				0E526FEE280C92CA007B453B /* Sources */,
				0E526FEF280C92CA007B453B /* Frameworks */,
				0E526FF0280C92CA007B453B /* CopyFiles */,
			);
			buildRules = (
			);
			dependencies = (
			);
			name = sort;
			productName = sort;
			productReference = 0E526FF2280C92CA007B453B /* sort */;
			productType = "com.apple.product-type.tool";
		};
		0E526FFC280D98AD007B453B /* I_vec_list */ = {
			isa = PBXNativeTarget;
			buildConfigurationList = 0E527001280D98AD007B453B /* Build configuration list for PBXNativeTarget "I_vec_list" */;
			buildPhases = (
				0E526FF9280D98AD007B453B /* Sources */,
				0E526FFA280D98AD007B453B /* Frameworks */,
				0E526FFB280D98AD007B453B /* CopyFiles */,
			);
			buildRules = (
			);
			dependencies = (
			);
			name = I_vec_list;
			productName = I_vec_list;
			productReference = 0E526FFD280D98AD007B453B /* I_vec_list */;
			productType = "com.apple.product-type.tool";
		};
		0E527007280D98C3007B453B /* II_vec_list */ = {
			isa = PBXNativeTarget;
			buildConfigurationList = 0E52700C280D98C3007B453B /* Build configuration list for PBXNativeTarget "II_vec_list" */;
			buildPhases = (
				0E527004280D98C3007B453B /* Sources */,
				0E527005280D98C3007B453B /* Frameworks */,
				0E527006280D98C3007B453B /* CopyFiles */,
			);
			buildRules = (
			);
			dependencies = (
			);
			name = II_vec_list;
			productName = II_vec_list;
			productReference = 0E527008280D98C3007B453B /* II_vec_list */;
			productType = "com.apple.product-type.tool";
		};
		0E527012280DECC8007B453B /* stablesort */ = {
			isa = PBXNativeTarget;
			buildConfigurationList = 0E527017280DECC8007B453B /* Build configuration list for PBXNativeTarget "stablesort" */;
			buildPhases = (
				0E52700F280DECC8007B453B /* Sources */,
				0E527010280DECC8007B453B /* Frameworks */,
				0E527011280DECC8007B453B /* CopyFiles */,
			);
			buildRules = (
			);
			dependencies = (
			);
			name = stablesort;
			productName = stablesort;
			productReference = 0E527013280DECC8007B453B /* stablesort */;
			productType = "com.apple.product-type.tool";
		};
		0E599C6C28133A9E0088D00A /* algorithm_I */ = {
			isa = PBXNativeTarget;
			buildConfigurationList = 0E599C7328133A9E0088D00A /* Build configuration list for PBXNativeTarget "algorithm_I" */;
			buildPhases = (
				0E599C6928133A9E0088D00A /* Sources */,
				0E599C6A28133A9E0088D00A /* Frameworks */,
				0E599C6B28133A9E0088D00A /* CopyFiles */,
			);
			buildRules = (
			);
			dependencies = (
			);
			name = algorithm_I;
			productName = algorithm_I;
			productReference = 0E599C6D28133A9E0088D00A /* algorithm_I */;
			productType = "com.apple.product-type.tool";
		};
		0E599C772813465E0088D00A /* algorithm_II */ = {
			isa = PBXNativeTarget;
			buildConfigurationList = 0E599C7C2813465E0088D00A /* Build configuration list for PBXNativeTarget "algorithm_II" */;
			buildPhases = (
				0E599C742813465E0088D00A /* Sources */,
				0E599C752813465E0088D00A /* Frameworks */,
				0E599C762813465E0088D00A /* CopyFiles */,
			);
			buildRules = (
			);
			dependencies = (
			);
			name = algorithm_II;
			productName = algorithm_II;
			productReference = 0E599C782813465E0088D00A /* algorithm_II */;
			productType = "com.apple.product-type.tool";
		};
		0E599C82281447210088D00A /* set_I */ = {
			isa = PBXNativeTarget;
			buildConfigurationList = 0E599C87281447210088D00A /* Build configuration list for PBXNativeTarget "set_I" */;
			buildPhases = (
				0E599C7F281447210088D00A /* Sources */,
				0E599C80281447210088D00A /* Frameworks */,
				0E599C81281447210088D00A /* CopyFiles */,
			);
			buildRules = (
			);
			dependencies = (
			);
			name = set_I;
			productName = set_I;
			productReference = 0E599C83281447210088D00A /* set_I */;
			productType = "com.apple.product-type.tool";
		};
		0E599C8D28153C500088D00A /* set_II */ = {
			isa = PBXNativeTarget;
			buildConfigurationList = 0E599C9228153C500088D00A /* Build configuration list for PBXNativeTarget "set_II" */;
			buildPhases = (
				0E599C8A28153C500088D00A /* Sources */,
				0E599C8B28153C500088D00A /* Frameworks */,
				0E599C8C28153C500088D00A /* CopyFiles */,
			);
			buildRules = (
			);
			dependencies = (
			);
			name = set_II;
			productName = set_II;
			productReference = 0E599C8E28153C500088D00A /* set_II */;
			productType = "com.apple.product-type.tool";
		};
		0E599C98281557230088D00A /* set_III */ = {
			isa = PBXNativeTarget;
			buildConfigurationList = 0E599C9D281557230088D00A /* Build configuration list for PBXNativeTarget "set_III" */;
			buildPhases = (
				0E599C95281557230088D00A /* Sources */,
				0E599C96281557230088D00A /* Frameworks */,
				0E599C97281557230088D00A /* CopyFiles */,
			);
			buildRules = (
			);
			dependencies = (
			);
			name = set_III;
			productName = set_III;
			productReference = 0E599C99281557230088D00A /* set_III */;
			productType = "com.apple.product-type.tool";
		};
		0E599CA3281577780088D00A /* set_IV */ = {
			isa = PBXNativeTarget;
			buildConfigurationList = 0E599CA8281577780088D00A /* Build configuration list for PBXNativeTarget "set_IV" */;
			buildPhases = (
				0E599CA0281577780088D00A /* Sources */,
				0E599CA1281577780088D00A /* Frameworks */,
				0E599CA2281577780088D00A /* CopyFiles */,
			);
			buildRules = (
			);
			dependencies = (
			);
			name = set_IV;
			productName = set_IV;
			productReference = 0E599CA4281577780088D00A /* set_IV */;
			productType = "com.apple.product-type.tool";
		};
		0E599CAE281577850088D00A /* map_I */ = {
			isa = PBXNativeTarget;
			buildConfigurationList = 0E599CB3281577850088D00A /* Build configuration list for PBXNativeTarget "map_I" */;
			buildPhases = (
				0E599CAB281577850088D00A /* Sources */,
				0E599CAC281577850088D00A /* Frameworks */,
				0E599CAD281577850088D00A /* CopyFiles */,
			);
			buildRules = (
			);
			dependencies = (
			);
			name = map_I;
			productName = map_I;
			productReference = 0E599CAF281577850088D00A /* map_I */;
			productType = "com.apple.product-type.tool";
		};
		0E599CB9281577900088D00A /* map_II */ = {
			isa = PBXNativeTarget;
			buildConfigurationList = 0E599CBE281577900088D00A /* Build configuration list for PBXNativeTarget "map_II" */;
			buildPhases = (
				0E599CB6281577900088D00A /* Sources */,
				0E599CB7281577900088D00A /* Frameworks */,
				0E599CB8281577900088D00A /* CopyFiles */,
			);
			buildRules = (
			);
			dependencies = (
			);
			name = map_II;
			productName = map_II;
			productReference = 0E599CBA281577900088D00A /* map_II */;
			productType = "com.apple.product-type.tool";
		};
		0EBC96F327BC442A00AE6F49 /* 2sem */ = {
			isa = PBXNativeTarget;
			buildConfigurationList = 0EBC96FB27BC442A00AE6F49 /* Build configuration list for PBXNativeTarget "2sem" */;
			buildPhases = (
				0EBC96F027BC442A00AE6F49 /* Sources */,
				0EBC96F127BC442A00AE6F49 /* Frameworks */,
				0EBC96F227BC442A00AE6F49 /* CopyFiles */,
			);
			buildRules = (
			);
			dependencies = (
			);
			name = 2sem;
			productName = 2sem;
			productReference = 0EBC96F427BC442A00AE6F49 /* 2sem */;
			productType = "com.apple.product-type.tool";
		};
		0EBC970127BC4BFD00AE6F49 /* rec_II_18 */ = {
			isa = PBXNativeTarget;
			buildConfigurationList = 0EBC970627BC4BFD00AE6F49 /* Build configuration list for PBXNativeTarget "rec_II_18" */;
			buildPhases = (
				0EBC96FE27BC4BFD00AE6F49 /* Sources */,
				0EBC96FF27BC4BFD00AE6F49 /* Frameworks */,
				0EBC970027BC4BFD00AE6F49 /* CopyFiles */,
			);
			buildRules = (
			);
			dependencies = (
			);
			name = rec_II_18;
			productName = rec_II_18;
			productReference = 0EBC970227BC4BFD00AE6F49 /* rec_II_18 */;
			productType = "com.apple.product-type.tool";
		};
		0EBC970C27BE520100AE6F49 /* rec_III_16 */ = {
			isa = PBXNativeTarget;
			buildConfigurationList = 0EBC971327BE520100AE6F49 /* Build configuration list for PBXNativeTarget "rec_III_16" */;
			buildPhases = (
				0EBC970927BE520100AE6F49 /* Sources */,
				0EBC970A27BE520100AE6F49 /* Frameworks */,
				0EBC970B27BE520100AE6F49 /* CopyFiles */,
			);
			buildRules = (
			);
			dependencies = (
			);
			name = rec_III_16;
			productName = rec_III_16;
			productReference = 0EBC970D27BE520100AE6F49 /* rec_III_16 */;
			productType = "com.apple.product-type.tool";
		};
		0EBC971727BE5EA500AE6F49 /* load_IV_5 */ = {
			isa = PBXNativeTarget;
			buildConfigurationList = 0EBC971C27BE5EA500AE6F49 /* Build configuration list for PBXNativeTarget "load_IV_5" */;
			buildPhases = (
				0EBC971427BE5EA500AE6F49 /* Sources */,
				0EBC971527BE5EA500AE6F49 /* Frameworks */,
				0EBC971627BE5EA500AE6F49 /* CopyFiles */,
			);
			buildRules = (
			);
			dependencies = (
			);
			name = load_IV_5;
			productName = load_IV_5;
			productReference = 0EBC971827BE5EA500AE6F49 /* load_IV_5 */;
			productType = "com.apple.product-type.tool";
		};
		0EBC975627C19FED00AE6F49 /* temp */ = {
			isa = PBXNativeTarget;
			buildConfigurationList = 0EBC975D27C19FED00AE6F49 /* Build configuration list for PBXNativeTarget "temp" */;
			buildPhases = (
				0EBC975327C19FED00AE6F49 /* Sources */,
				0EBC975427C19FED00AE6F49 /* Frameworks */,
				0EBC975527C19FED00AE6F49 /* CopyFiles */,
			);
			buildRules = (
			);
			dependencies = (
			);
			name = temp;
			productName = temp;
			productReference = 0EBC975727C19FED00AE6F49 /* temp */;
			productType = "com.apple.product-type.tool";
		};
		0EBC976127C5369300AE6F49 /* class */ = {
			isa = PBXNativeTarget;
			buildConfigurationList = 0EBC976627C5369300AE6F49 /* Build configuration list for PBXNativeTarget "class" */;
			buildPhases = (
				0EBC975E27C5369300AE6F49 /* Sources */,
				0EBC975F27C5369300AE6F49 /* Frameworks */,
				0EBC976027C5369300AE6F49 /* CopyFiles */,
			);
			buildRules = (
			);
			dependencies = (
			);
			name = class;
			productName = class;
			productReference = 0EBC976227C5369300AE6F49 /* class */;
			productType = "com.apple.product-type.tool";
		};
		0EBC976D27D01A4400AE6F49 /* else */ = {
			isa = PBXNativeTarget;
			buildConfigurationList = 0EBC977227D01A4400AE6F49 /* Build configuration list for PBXNativeTarget "else" */;
			buildPhases = (
				0EBC976A27D01A4400AE6F49 /* Sources */,
				0EBC976B27D01A4400AE6F49 /* Frameworks */,
				0EBC976C27D01A4400AE6F49 /* CopyFiles */,
			);
			buildRules = (
			);
			dependencies = (
			);
			name = else;
			productName = else;
			productReference = 0EBC976E27D01A4400AE6F49 /* else */;
			productType = "com.apple.product-type.tool";
		};
		0EBC977827D4FAC900AE6F49 /* inheritance */ = {
			isa = PBXNativeTarget;
			buildConfigurationList = 0EBC977F27D4FACA00AE6F49 /* Build configuration list for PBXNativeTarget "inheritance" */;
			buildPhases = (
				0EBC977527D4FAC900AE6F49 /* Sources */,
				0EBC977627D4FAC900AE6F49 /* Frameworks */,
				0EBC977727D4FAC900AE6F49 /* CopyFiles */,
			);
			buildRules = (
			);
			dependencies = (
			);
			name = inheritance;
			productName = inheritance;
			productReference = 0EBC977927D4FACA00AE6F49 /* inheritance */;
			productType = "com.apple.product-type.tool";
		};
		0EBC978327D694B400AE6F49 /* ex */ = {
			isa = PBXNativeTarget;
			buildConfigurationList = 0EBC978A27D694B500AE6F49 /* Build configuration list for PBXNativeTarget "ex" */;
			buildPhases = (
				0EBC978027D694B400AE6F49 /* Sources */,
				0EBC978127D694B400AE6F49 /* Frameworks */,
				0EBC978227D694B400AE6F49 /* CopyFiles */,
			);
			buildRules = (
			);
			dependencies = (
			);
			name = ex;
			productName = ex;
			productReference = 0EBC978427D694B400AE6F49 /* ex */;
			productType = "com.apple.product-type.tool";
		};
		0EBC978E27D694E100AE6F49 /* ex1 */ = {
			isa = PBXNativeTarget;
			buildConfigurationList = 0EBC979327D694E100AE6F49 /* Build configuration list for PBXNativeTarget "ex1" */;
			buildPhases = (
				0EBC978B27D694E100AE6F49 /* Sources */,
				0EBC978C27D694E100AE6F49 /* Frameworks */,
				0EBC978D27D694E100AE6F49 /* CopyFiles */,
			);
			buildRules = (
			);
			dependencies = (
			);
			name = ex1;
			productName = ex1;
			productReference = 0EBC978F27D694E100AE6F49 /* ex1 */;
			productType = "com.apple.product-type.tool";
		};
		0EBC979927D7B33000AE6F49 /* lists */ = {
			isa = PBXNativeTarget;
			buildConfigurationList = 0EBC979E27D7B33000AE6F49 /* Build configuration list for PBXNativeTarget "lists" */;
			buildPhases = (
				0EBC979627D7B33000AE6F49 /* Sources */,
				0EBC979727D7B33000AE6F49 /* Frameworks */,
				0EBC979827D7B33000AE6F49 /* CopyFiles */,
			);
			buildRules = (
			);
			dependencies = (
			);
			name = lists;
			productName = lists;
			productReference = 0EBC979A27D7B33000AE6F49 /* lists */;
			productType = "com.apple.product-type.tool";
		};
		0EBC97A427D7B3A600AE6F49 /* 16 */ = {
			isa = PBXNativeTarget;
			buildConfigurationList = 0EBC97A927D7B3A600AE6F49 /* Build configuration list for PBXNativeTarget "16" */;
			buildPhases = (
				0EBC97A127D7B3A600AE6F49 /* Sources */,
				0EBC97A227D7B3A600AE6F49 /* Frameworks */,
				0EBC97A327D7B3A600AE6F49 /* CopyFiles */,
			);
			buildRules = (
			);
			dependencies = (
			);
			name = 16;
			productName = 16;
			productReference = 0EBC97A527D7B3A600AE6F49 /* 16 */;
			productType = "com.apple.product-type.tool";
		};
/* End PBXNativeTarget section */

/* Begin PBXProject section */
		0EBC96EC27BC442A00AE6F49 /* Project object */ = {
			isa = PBXProject;
			attributes = {
				BuildIndependentTargetsInParallel = 1;
				LastSwiftUpdateCheck = 1310;
				LastUpgradeCheck = 1330;
				TargetAttributes = {
					0E526FE6280C92B7007B453B = {
						CreatedOnToolsVersion = 13.3.1;
					};
					0E526FF1280C92CA007B453B = {
						CreatedOnToolsVersion = 13.3.1;
					};
					0E526FFC280D98AD007B453B = {
						CreatedOnToolsVersion = 13.3.1;
					};
					0E527007280D98C3007B453B = {
						CreatedOnToolsVersion = 13.3.1;
					};
					0E527012280DECC8007B453B = {
						CreatedOnToolsVersion = 13.3.1;
					};
					0E599C6C28133A9E0088D00A = {
						CreatedOnToolsVersion = 13.3.1;
					};
					0E599C772813465E0088D00A = {
						CreatedOnToolsVersion = 13.3.1;
					};
					0E599C82281447210088D00A = {
						CreatedOnToolsVersion = 13.3.1;
					};
					0E599C8D28153C500088D00A = {
						CreatedOnToolsVersion = 13.3.1;
					};
					0E599C98281557230088D00A = {
						CreatedOnToolsVersion = 13.3.1;
					};
					0E599CA3281577780088D00A = {
						CreatedOnToolsVersion = 13.3.1;
					};
					0E599CAE281577850088D00A = {
						CreatedOnToolsVersion = 13.3.1;
					};
					0E599CB9281577900088D00A = {
						CreatedOnToolsVersion = 13.3.1;
					};
					0EBC96F327BC442A00AE6F49 = {
						CreatedOnToolsVersion = 13.1;
					};
					0EBC970127BC4BFD00AE6F49 = {
						CreatedOnToolsVersion = 13.1;
					};
					0EBC970C27BE520100AE6F49 = {
						CreatedOnToolsVersion = 13.1;
					};
					0EBC971727BE5EA500AE6F49 = {
						CreatedOnToolsVersion = 13.1;
					};
					0EBC975627C19FED00AE6F49 = {
						CreatedOnToolsVersion = 13.1;
					};
					0EBC976127C5369300AE6F49 = {
						CreatedOnToolsVersion = 13.1;
					};
					0EBC976D27D01A4400AE6F49 = {
						CreatedOnToolsVersion = 13.1;
					};
					0EBC977827D4FAC900AE6F49 = {
						CreatedOnToolsVersion = 13.1;
					};
					0EBC978327D694B400AE6F49 = {
						CreatedOnToolsVersion = 13.1;
					};
					0EBC978E27D694E100AE6F49 = {
						CreatedOnToolsVersion = 13.1;
					};
					0EBC979927D7B33000AE6F49 = {
						CreatedOnToolsVersion = 13.1;
					};
					0EBC97A427D7B3A600AE6F49 = {
						CreatedOnToolsVersion = 13.1;
					};
				};
			};
			buildConfigurationList = 0EBC96EF27BC442A00AE6F49 /* Build configuration list for PBXProject "2sem" */;
			compatibilityVersion = "Xcode 13.0";
			developmentRegion = en;
			hasScannedForEncodings = 0;
			knownRegions = (
				en,
				Base,
			);
			mainGroup = 0EBC96EB27BC442A00AE6F49;
			productRefGroup = 0EBC96F527BC442A00AE6F49 /* Products */;
			projectDirPath = "";
			projectRoot = "";
			targets = (
				0EBC96F327BC442A00AE6F49 /* 2sem */,
				0EBC970127BC4BFD00AE6F49 /* rec_II_18 */,
				0EBC970C27BE520100AE6F49 /* rec_III_16 */,
				0EBC971727BE5EA500AE6F49 /* load_IV_5 */,
				0EBC975627C19FED00AE6F49 /* temp */,
				0EBC976127C5369300AE6F49 /* class */,
				0EBC976D27D01A4400AE6F49 /* else */,
				0EBC977827D4FAC900AE6F49 /* inheritance */,
				0EBC978327D694B400AE6F49 /* ex */,
				0EBC978E27D694E100AE6F49 /* ex1 */,
				0EBC979927D7B33000AE6F49 /* lists */,
				0EBC97A427D7B3A600AE6F49 /* 16 */,
				0E526FE6280C92B7007B453B /* quicksort */,
				0E526FF1280C92CA007B453B /* sort */,
				0E526FFC280D98AD007B453B /* I_vec_list */,
				0E527007280D98C3007B453B /* II_vec_list */,
				0E527012280DECC8007B453B /* stablesort */,
				0E599C6C28133A9E0088D00A /* algorithm_I */,
				0E599C772813465E0088D00A /* algorithm_II */,
				0E599C82281447210088D00A /* set_I */,
				0E599C8D28153C500088D00A /* set_II */,
				0E599C98281557230088D00A /* set_III */,
				0E599CA3281577780088D00A /* set_IV */,
				0E599CAE281577850088D00A /* map_I */,
				0E599CB9281577900088D00A /* map_II */,
			);
		};
/* End PBXProject section */

/* Begin PBXSourcesBuildPhase section */
		0E526FE3280C92B7007B453B /* Sources */ = {
			isa = PBXSourcesBuildPhase;
			buildActionMask = 2147483647;
			files = (
				0E526FEA280C92B7007B453B /* main.cpp in Sources */,
			);
			runOnlyForDeploymentPostprocessing = 0;
		};
		0E526FEE280C92CA007B453B /* Sources */ = {
			isa = PBXSourcesBuildPhase;
			buildActionMask = 2147483647;
			files = (
				0E526FF5280C92CA007B453B /* main.cpp in Sources */,
			);
			runOnlyForDeploymentPostprocessing = 0;
		};
		0E526FF9280D98AD007B453B /* Sources */ = {
			isa = PBXSourcesBuildPhase;
			buildActionMask = 2147483647;
			files = (
				0E527000280D98AD007B453B /* main.cpp in Sources */,
			);
			runOnlyForDeploymentPostprocessing = 0;
		};
		0E527004280D98C3007B453B /* Sources */ = {
			isa = PBXSourcesBuildPhase;
			buildActionMask = 2147483647;
			files = (
				0E52700B280D98C3007B453B /* main.cpp in Sources */,
			);
			runOnlyForDeploymentPostprocessing = 0;
		};
		0E52700F280DECC8007B453B /* Sources */ = {
			isa = PBXSourcesBuildPhase;
			buildActionMask = 2147483647;
			files = (
				0E527016280DECC8007B453B /* main.cpp in Sources */,
			);
			runOnlyForDeploymentPostprocessing = 0;
		};
		0E599C6928133A9E0088D00A /* Sources */ = {
			isa = PBXSourcesBuildPhase;
			buildActionMask = 2147483647;
			files = (
				0E599C7028133A9E0088D00A /* main.cpp in Sources */,
			);
			runOnlyForDeploymentPostprocessing = 0;
		};
		0E599C742813465E0088D00A /* Sources */ = {
			isa = PBXSourcesBuildPhase;
			buildActionMask = 2147483647;
			files = (
				0E599C7B2813465E0088D00A /* main.cpp in Sources */,
			);
			runOnlyForDeploymentPostprocessing = 0;
		};
		0E599C7F281447210088D00A /* Sources */ = {
			isa = PBXSourcesBuildPhase;
			buildActionMask = 2147483647;
			files = (
				0E599C86281447210088D00A /* main.cpp in Sources */,
			);
			runOnlyForDeploymentPostprocessing = 0;
		};
		0E599C8A28153C500088D00A /* Sources */ = {
			isa = PBXSourcesBuildPhase;
			buildActionMask = 2147483647;
			files = (
				0E599C9128153C500088D00A /* main.cpp in Sources */,
			);
			runOnlyForDeploymentPostprocessing = 0;
		};
		0E599C95281557230088D00A /* Sources */ = {
			isa = PBXSourcesBuildPhase;
			buildActionMask = 2147483647;
			files = (
				0E599C9C281557230088D00A /* main.cpp in Sources */,
			);
			runOnlyForDeploymentPostprocessing = 0;
		};
		0E599CA0281577780088D00A /* Sources */ = {
			isa = PBXSourcesBuildPhase;
			buildActionMask = 2147483647;
			files = (
				0E599CA7281577780088D00A /* main.cpp in Sources */,
			);
			runOnlyForDeploymentPostprocessing = 0;
		};
		0E599CAB281577850088D00A /* Sources */ = {
			isa = PBXSourcesBuildPhase;
			buildActionMask = 2147483647;
			files = (
				0E599CB2281577850088D00A /* main.cpp in Sources */,
			);
			runOnlyForDeploymentPostprocessing = 0;
		};
		0E599CB6281577900088D00A /* Sources */ = {
			isa = PBXSourcesBuildPhase;
			buildActionMask = 2147483647;
			files = (
				0E599CBD281577900088D00A /* main.cpp in Sources */,
			);
			runOnlyForDeploymentPostprocessing = 0;
		};
		0EBC96F027BC442A00AE6F49 /* Sources */ = {
			isa = PBXSourcesBuildPhase;
			buildActionMask = 2147483647;
			files = (
				0EBC96F827BC442A00AE6F49 /* main.cpp in Sources */,
			);
			runOnlyForDeploymentPostprocessing = 0;
		};
		0EBC96FE27BC4BFD00AE6F49 /* Sources */ = {
			isa = PBXSourcesBuildPhase;
			buildActionMask = 2147483647;
			files = (
				0EBC970527BC4BFD00AE6F49 /* main.cpp in Sources */,
			);
			runOnlyForDeploymentPostprocessing = 0;
		};
		0EBC970927BE520100AE6F49 /* Sources */ = {
			isa = PBXSourcesBuildPhase;
			buildActionMask = 2147483647;
			files = (
				0EBC971027BE520100AE6F49 /* main.cpp in Sources */,
			);
			runOnlyForDeploymentPostprocessing = 0;
		};
		0EBC971427BE5EA500AE6F49 /* Sources */ = {
			isa = PBXSourcesBuildPhase;
			buildActionMask = 2147483647;
			files = (
				0EBC971B27BE5EA500AE6F49 /* main.cpp in Sources */,
			);
			runOnlyForDeploymentPostprocessing = 0;
		};
		0EBC975327C19FED00AE6F49 /* Sources */ = {
			isa = PBXSourcesBuildPhase;
			buildActionMask = 2147483647;
			files = (
				0EBC975A27C19FED00AE6F49 /* main.cpp in Sources */,
			);
			runOnlyForDeploymentPostprocessing = 0;
		};
		0EBC975E27C5369300AE6F49 /* Sources */ = {
			isa = PBXSourcesBuildPhase;
			buildActionMask = 2147483647;
			files = (
				0EBC976527C5369300AE6F49 /* main.cpp in Sources */,
			);
			runOnlyForDeploymentPostprocessing = 0;
		};
		0EBC976A27D01A4400AE6F49 /* Sources */ = {
			isa = PBXSourcesBuildPhase;
			buildActionMask = 2147483647;
			files = (
			);
			runOnlyForDeploymentPostprocessing = 0;
		};
		0EBC977527D4FAC900AE6F49 /* Sources */ = {
			isa = PBXSourcesBuildPhase;
			buildActionMask = 2147483647;
			files = (
				0EBC977C27D4FACA00AE6F49 /* main.cpp in Sources */,
			);
			runOnlyForDeploymentPostprocessing = 0;
		};
		0EBC978027D694B400AE6F49 /* Sources */ = {
			isa = PBXSourcesBuildPhase;
			buildActionMask = 2147483647;
			files = (
			);
			runOnlyForDeploymentPostprocessing = 0;
		};
		0EBC978B27D694E100AE6F49 /* Sources */ = {
			isa = PBXSourcesBuildPhase;
			buildActionMask = 2147483647;
			files = (
				0EBC979227D694E100AE6F49 /* main.cpp in Sources */,
			);
			runOnlyForDeploymentPostprocessing = 0;
		};
		0EBC979627D7B33000AE6F49 /* Sources */ = {
			isa = PBXSourcesBuildPhase;
			buildActionMask = 2147483647;
			files = (
			);
			runOnlyForDeploymentPostprocessing = 0;
		};
		0EBC97A127D7B3A600AE6F49 /* Sources */ = {
			isa = PBXSourcesBuildPhase;
			buildActionMask = 2147483647;
			files = (
				0EBC97A827D7B3A600AE6F49 /* main.cpp in Sources */,
				0EBC97AE27D7B65C00AE6F49 /* lists.cpp in Sources */,
			);
			runOnlyForDeploymentPostprocessing = 0;
		};
/* End PBXSourcesBuildPhase section */

/* Begin XCBuildConfiguration section */
		0E526FEB280C92B7007B453B /* Debug */ = {
			isa = XCBuildConfiguration;
			buildSettings = {
				CODE_SIGN_STYLE = Automatic;
				MACOSX_DEPLOYMENT_TARGET = 12.3;
				PRODUCT_NAME = "$(TARGET_NAME)";
			};
			name = Debug;
		};
		0E526FEC280C92B7007B453B /* Release */ = {
			isa = XCBuildConfiguration;
			buildSettings = {
				CODE_SIGN_STYLE = Automatic;
				MACOSX_DEPLOYMENT_TARGET = 12.3;
				PRODUCT_NAME = "$(TARGET_NAME)";
			};
			name = Release;
		};
		0E526FF7280C92CA007B453B /* Debug */ = {
			isa = XCBuildConfiguration;
			buildSettings = {
				CODE_SIGN_STYLE = Automatic;
				MACOSX_DEPLOYMENT_TARGET = 12.3;
				PRODUCT_NAME = "$(TARGET_NAME)";
			};
			name = Debug;
		};
		0E526FF8280C92CA007B453B /* Release */ = {
			isa = XCBuildConfiguration;
			buildSettings = {
				CODE_SIGN_STYLE = Automatic;
				MACOSX_DEPLOYMENT_TARGET = 12.3;
				PRODUCT_NAME = "$(TARGET_NAME)";
			};
			name = Release;
		};
		0E527002280D98AD007B453B /* Debug */ = {
			isa = XCBuildConfiguration;
			buildSettings = {
				CODE_SIGN_STYLE = Automatic;
				MACOSX_DEPLOYMENT_TARGET = 12.3;
				PRODUCT_NAME = "$(TARGET_NAME)";
			};
			name = Debug;
		};
		0E527003280D98AD007B453B /* Release */ = {
			isa = XCBuildConfiguration;
			buildSettings = {
				CODE_SIGN_STYLE = Automatic;
				MACOSX_DEPLOYMENT_TARGET = 12.3;
				PRODUCT_NAME = "$(TARGET_NAME)";
			};
			name = Release;
		};
		0E52700D280D98C3007B453B /* Debug */ = {
			isa = XCBuildConfiguration;
			buildSettings = {
				CODE_SIGN_STYLE = Automatic;
				MACOSX_DEPLOYMENT_TARGET = 12.3;
				PRODUCT_NAME = "$(TARGET_NAME)";
			};
			name = Debug;
		};
		0E52700E280D98C3007B453B /* Release */ = {
			isa = XCBuildConfiguration;
			buildSettings = {
				CODE_SIGN_STYLE = Automatic;
				MACOSX_DEPLOYMENT_TARGET = 12.3;
				PRODUCT_NAME = "$(TARGET_NAME)";
			};
			name = Release;
		};
		0E527018280DECC8007B453B /* Debug */ = {
			isa = XCBuildConfiguration;
			buildSettings = {
				CODE_SIGN_STYLE = Automatic;
				MACOSX_DEPLOYMENT_TARGET = 12.3;
				PRODUCT_NAME = "$(TARGET_NAME)";
			};
			name = Debug;
		};
		0E527019280DECC8007B453B /* Release */ = {
			isa = XCBuildConfiguration;
			buildSettings = {
				CODE_SIGN_STYLE = Automatic;
				MACOSX_DEPLOYMENT_TARGET = 12.3;
				PRODUCT_NAME = "$(TARGET_NAME)";
			};
			name = Release;
		};
		0E599C7128133A9E0088D00A /* Debug */ = {
			isa = XCBuildConfiguration;
			buildSettings = {
				CODE_SIGN_STYLE = Automatic;
				MACOSX_DEPLOYMENT_TARGET = 12.3;
				PRODUCT_NAME = "$(TARGET_NAME)";
			};
			name = Debug;
		};
		0E599C7228133A9E0088D00A /* Release */ = {
			isa = XCBuildConfiguration;
			buildSettings = {
				CODE_SIGN_STYLE = Automatic;
				MACOSX_DEPLOYMENT_TARGET = 12.3;
				PRODUCT_NAME = "$(TARGET_NAME)";
			};
			name = Release;
		};
		0E599C7D2813465E0088D00A /* Debug */ = {
			isa = XCBuildConfiguration;
			buildSettings = {
				CODE_SIGN_STYLE = Automatic;
				MACOSX_DEPLOYMENT_TARGET = 12.3;
				PRODUCT_NAME = "$(TARGET_NAME)";
			};
			name = Debug;
		};
		0E599C7E2813465E0088D00A /* Release */ = {
			isa = XCBuildConfiguration;
			buildSettings = {
				CODE_SIGN_STYLE = Automatic;
				MACOSX_DEPLOYMENT_TARGET = 12.3;
				PRODUCT_NAME = "$(TARGET_NAME)";
			};
			name = Release;
		};
		0E599C88281447210088D00A /* Debug */ = {
			isa = XCBuildConfiguration;
			buildSettings = {
				CODE_SIGN_STYLE = Automatic;
				MACOSX_DEPLOYMENT_TARGET = 12.3;
				PRODUCT_NAME = "$(TARGET_NAME)";
			};
			name = Debug;
		};
		0E599C89281447210088D00A /* Release */ = {
			isa = XCBuildConfiguration;
			buildSettings = {
				CODE_SIGN_STYLE = Automatic;
				MACOSX_DEPLOYMENT_TARGET = 12.3;
				PRODUCT_NAME = "$(TARGET_NAME)";
			};
			name = Release;
		};
		0E599C9328153C500088D00A /* Debug */ = {
			isa = XCBuildConfiguration;
			buildSettings = {
				CODE_SIGN_STYLE = Automatic;
				MACOSX_DEPLOYMENT_TARGET = 12.3;
				PRODUCT_NAME = "$(TARGET_NAME)";
			};
			name = Debug;
		};
		0E599C9428153C500088D00A /* Release */ = {
			isa = XCBuildConfiguration;
			buildSettings = {
				CODE_SIGN_STYLE = Automatic;
				MACOSX_DEPLOYMENT_TARGET = 12.3;
				PRODUCT_NAME = "$(TARGET_NAME)";
			};
			name = Release;
		};
		0E599C9E281557230088D00A /* Debug */ = {
			isa = XCBuildConfiguration;
			buildSettings = {
				CODE_SIGN_STYLE = Automatic;
				MACOSX_DEPLOYMENT_TARGET = 12.3;
				PRODUCT_NAME = "$(TARGET_NAME)";
			};
			name = Debug;
		};
		0E599C9F281557230088D00A /* Release */ = {
			isa = XCBuildConfiguration;
			buildSettings = {
				CODE_SIGN_STYLE = Automatic;
				MACOSX_DEPLOYMENT_TARGET = 12.3;
				PRODUCT_NAME = "$(TARGET_NAME)";
			};
			name = Release;
		};
		0E599CA9281577780088D00A /* Debug */ = {
			isa = XCBuildConfiguration;
			buildSettings = {
				CODE_SIGN_STYLE = Automatic;
				MACOSX_DEPLOYMENT_TARGET = 12.3;
				PRODUCT_NAME = "$(TARGET_NAME)";
			};
			name = Debug;
		};
		0E599CAA281577780088D00A /* Release */ = {
			isa = XCBuildConfiguration;
			buildSettings = {
				CODE_SIGN_STYLE = Automatic;
				MACOSX_DEPLOYMENT_TARGET = 12.3;
				PRODUCT_NAME = "$(TARGET_NAME)";
			};
			name = Release;
		};
		0E599CB4281577850088D00A /* Debug */ = {
			isa = XCBuildConfiguration;
			buildSettings = {
				CODE_SIGN_STYLE = Automatic;
				MACOSX_DEPLOYMENT_TARGET = 12.3;
				PRODUCT_NAME = "$(TARGET_NAME)";
			};
			name = Debug;
		};
		0E599CB5281577850088D00A /* Release */ = {
			isa = XCBuildConfiguration;
			buildSettings = {
				CODE_SIGN_STYLE = Automatic;
				MACOSX_DEPLOYMENT_TARGET = 12.3;
				PRODUCT_NAME = "$(TARGET_NAME)";
			};
			name = Release;
		};
		0E599CBF281577900088D00A /* Debug */ = {
			isa = XCBuildConfiguration;
			buildSettings = {
				CODE_SIGN_STYLE = Automatic;
				MACOSX_DEPLOYMENT_TARGET = 12.3;
				PRODUCT_NAME = "$(TARGET_NAME)";
			};
			name = Debug;
		};
		0E599CC0281577900088D00A /* Release */ = {
			isa = XCBuildConfiguration;
			buildSettings = {
				CODE_SIGN_STYLE = Automatic;
				MACOSX_DEPLOYMENT_TARGET = 12.3;
				PRODUCT_NAME = "$(TARGET_NAME)";
			};
			name = Release;
		};
		0EBC96F927BC442A00AE6F49 /* Debug */ = {
			isa = XCBuildConfiguration;
			buildSettings = {
				ALWAYS_SEARCH_USER_PATHS = NO;
				CLANG_ANALYZER_NONNULL = YES;
				CLANG_ANALYZER_NUMBER_OBJECT_CONVERSION = YES_AGGRESSIVE;
				CLANG_CXX_LANGUAGE_STANDARD = "gnu++17";
				CLANG_CXX_LIBRARY = "libc++";
				CLANG_ENABLE_MODULES = YES;
				CLANG_ENABLE_OBJC_ARC = YES;
				CLANG_ENABLE_OBJC_WEAK = YES;
				CLANG_WARN_BLOCK_CAPTURE_AUTORELEASING = YES;
				CLANG_WARN_BOOL_CONVERSION = YES;
				CLANG_WARN_COMMA = YES;
				CLANG_WARN_CONSTANT_CONVERSION = YES;
				CLANG_WARN_DEPRECATED_OBJC_IMPLEMENTATIONS = YES;
				CLANG_WARN_DIRECT_OBJC_ISA_USAGE = YES_ERROR;
				CLANG_WARN_DOCUMENTATION_COMMENTS = YES;
				CLANG_WARN_EMPTY_BODY = YES;
				CLANG_WARN_ENUM_CONVERSION = YES;
				CLANG_WARN_INFINITE_RECURSION = YES;
				CLANG_WARN_INT_CONVERSION = YES;
				CLANG_WARN_NON_LITERAL_NULL_CONVERSION = YES;
				CLANG_WARN_OBJC_IMPLICIT_RETAIN_SELF = YES;
				CLANG_WARN_OBJC_LITERAL_CONVERSION = YES;
				CLANG_WARN_OBJC_ROOT_CLASS = YES_ERROR;
				CLANG_WARN_QUOTED_INCLUDE_IN_FRAMEWORK_HEADER = YES;
				CLANG_WARN_RANGE_LOOP_ANALYSIS = YES;
				CLANG_WARN_STRICT_PROTOTYPES = YES;
				CLANG_WARN_SUSPICIOUS_MOVE = YES;
				CLANG_WARN_UNGUARDED_AVAILABILITY = YES_AGGRESSIVE;
				CLANG_WARN_UNREACHABLE_CODE = YES;
				CLANG_WARN__DUPLICATE_METHOD_MATCH = YES;
				COPY_PHASE_STRIP = NO;
				DEBUG_INFORMATION_FORMAT = dwarf;
				ENABLE_STRICT_OBJC_MSGSEND = YES;
				ENABLE_TESTABILITY = YES;
				GCC_C_LANGUAGE_STANDARD = gnu11;
				GCC_DYNAMIC_NO_PIC = NO;
				GCC_NO_COMMON_BLOCKS = YES;
				GCC_OPTIMIZATION_LEVEL = 0;
				GCC_PREPROCESSOR_DEFINITIONS = (
					"DEBUG=1",
					"$(inherited)",
				);
				GCC_WARN_64_TO_32_BIT_CONVERSION = YES;
				GCC_WARN_ABOUT_RETURN_TYPE = YES_ERROR;
				GCC_WARN_UNDECLARED_SELECTOR = YES;
				GCC_WARN_UNINITIALIZED_AUTOS = YES_AGGRESSIVE;
				GCC_WARN_UNUSED_FUNCTION = YES;
				GCC_WARN_UNUSED_VARIABLE = YES;
				MACOSX_DEPLOYMENT_TARGET = 12.0;
				MTL_ENABLE_DEBUG_INFO = INCLUDE_SOURCE;
				MTL_FAST_MATH = YES;
				ONLY_ACTIVE_ARCH = YES;
				SDKROOT = macosx;
			};
			name = Debug;
		};
		0EBC96FA27BC442A00AE6F49 /* Release */ = {
			isa = XCBuildConfiguration;
			buildSettings = {
				ALWAYS_SEARCH_USER_PATHS = NO;
				CLANG_ANALYZER_NONNULL = YES;
				CLANG_ANALYZER_NUMBER_OBJECT_CONVERSION = YES_AGGRESSIVE;
				CLANG_CXX_LANGUAGE_STANDARD = "gnu++17";
				CLANG_CXX_LIBRARY = "libc++";
				CLANG_ENABLE_MODULES = YES;
				CLANG_ENABLE_OBJC_ARC = YES;
				CLANG_ENABLE_OBJC_WEAK = YES;
				CLANG_WARN_BLOCK_CAPTURE_AUTORELEASING = YES;
				CLANG_WARN_BOOL_CONVERSION = YES;
				CLANG_WARN_COMMA = YES;
				CLANG_WARN_CONSTANT_CONVERSION = YES;
				CLANG_WARN_DEPRECATED_OBJC_IMPLEMENTATIONS = YES;
				CLANG_WARN_DIRECT_OBJC_ISA_USAGE = YES_ERROR;
				CLANG_WARN_DOCUMENTATION_COMMENTS = YES;
				CLANG_WARN_EMPTY_BODY = YES;
				CLANG_WARN_ENUM_CONVERSION = YES;
				CLANG_WARN_INFINITE_RECURSION = YES;
				CLANG_WARN_INT_CONVERSION = YES;
				CLANG_WARN_NON_LITERAL_NULL_CONVERSION = YES;
				CLANG_WARN_OBJC_IMPLICIT_RETAIN_SELF = YES;
				CLANG_WARN_OBJC_LITERAL_CONVERSION = YES;
				CLANG_WARN_OBJC_ROOT_CLASS = YES_ERROR;
				CLANG_WARN_QUOTED_INCLUDE_IN_FRAMEWORK_HEADER = YES;
				CLANG_WARN_RANGE_LOOP_ANALYSIS = YES;
				CLANG_WARN_STRICT_PROTOTYPES = YES;
				CLANG_WARN_SUSPICIOUS_MOVE = YES;
				CLANG_WARN_UNGUARDED_AVAILABILITY = YES_AGGRESSIVE;
				CLANG_WARN_UNREACHABLE_CODE = YES;
				CLANG_WARN__DUPLICATE_METHOD_MATCH = YES;
				COPY_PHASE_STRIP = NO;
				DEBUG_INFORMATION_FORMAT = "dwarf-with-dsym";
				ENABLE_NS_ASSERTIONS = NO;
				ENABLE_STRICT_OBJC_MSGSEND = YES;
				GCC_C_LANGUAGE_STANDARD = gnu11;
				GCC_NO_COMMON_BLOCKS = YES;
				GCC_WARN_64_TO_32_BIT_CONVERSION = YES;
				GCC_WARN_ABOUT_RETURN_TYPE = YES_ERROR;
				GCC_WARN_UNDECLARED_SELECTOR = YES;
				GCC_WARN_UNINITIALIZED_AUTOS = YES_AGGRESSIVE;
				GCC_WARN_UNUSED_FUNCTION = YES;
				GCC_WARN_UNUSED_VARIABLE = YES;
				MACOSX_DEPLOYMENT_TARGET = 12.0;
				MTL_ENABLE_DEBUG_INFO = NO;
				MTL_FAST_MATH = YES;
				SDKROOT = macosx;
			};
			name = Release;
		};
		0EBC96FC27BC442A00AE6F49 /* Debug */ = {
			isa = XCBuildConfiguration;
			buildSettings = {
				CODE_SIGN_IDENTITY = "-";
				CODE_SIGN_STYLE = Automatic;
				PRODUCT_NAME = "$(TARGET_NAME)";
			};
			name = Debug;
		};
		0EBC96FD27BC442A00AE6F49 /* Release */ = {
			isa = XCBuildConfiguration;
			buildSettings = {
				CODE_SIGN_IDENTITY = "-";
				CODE_SIGN_STYLE = Automatic;
				PRODUCT_NAME = "$(TARGET_NAME)";
			};
			name = Release;
		};
		0EBC970727BC4BFD00AE6F49 /* Debug */ = {
			isa = XCBuildConfiguration;
			buildSettings = {
				CODE_SIGN_IDENTITY = "-";
				CODE_SIGN_STYLE = Automatic;
				PRODUCT_NAME = "$(TARGET_NAME)";
			};
			name = Debug;
		};
		0EBC970827BC4BFD00AE6F49 /* Release */ = {
			isa = XCBuildConfiguration;
			buildSettings = {
				CODE_SIGN_IDENTITY = "-";
				CODE_SIGN_STYLE = Automatic;
				PRODUCT_NAME = "$(TARGET_NAME)";
			};
			name = Release;
		};
		0EBC971127BE520100AE6F49 /* Debug */ = {
			isa = XCBuildConfiguration;
			buildSettings = {
				CODE_SIGN_IDENTITY = "-";
				CODE_SIGN_STYLE = Automatic;
				PRODUCT_NAME = "$(TARGET_NAME)";
			};
			name = Debug;
		};
		0EBC971227BE520100AE6F49 /* Release */ = {
			isa = XCBuildConfiguration;
			buildSettings = {
				CODE_SIGN_IDENTITY = "-";
				CODE_SIGN_STYLE = Automatic;
				PRODUCT_NAME = "$(TARGET_NAME)";
			};
			name = Release;
		};
		0EBC971D27BE5EA500AE6F49 /* Debug */ = {
			isa = XCBuildConfiguration;
			buildSettings = {
				CODE_SIGN_IDENTITY = "-";
				CODE_SIGN_STYLE = Automatic;
				PRODUCT_NAME = "$(TARGET_NAME)";
			};
			name = Debug;
		};
		0EBC971E27BE5EA500AE6F49 /* Release */ = {
			isa = XCBuildConfiguration;
			buildSettings = {
				CODE_SIGN_IDENTITY = "-";
				CODE_SIGN_STYLE = Automatic;
				PRODUCT_NAME = "$(TARGET_NAME)";
			};
			name = Release;
		};
		0EBC975B27C19FED00AE6F49 /* Debug */ = {
			isa = XCBuildConfiguration;
			buildSettings = {
				CODE_SIGN_IDENTITY = "-";
				CODE_SIGN_STYLE = Automatic;
				PRODUCT_NAME = "$(TARGET_NAME)";
			};
			name = Debug;
		};
		0EBC975C27C19FED00AE6F49 /* Release */ = {
			isa = XCBuildConfiguration;
			buildSettings = {
				CODE_SIGN_IDENTITY = "-";
				CODE_SIGN_STYLE = Automatic;
				PRODUCT_NAME = "$(TARGET_NAME)";
			};
			name = Release;
		};
		0EBC976727C5369300AE6F49 /* Debug */ = {
			isa = XCBuildConfiguration;
			buildSettings = {
				CODE_SIGN_IDENTITY = "-";
				CODE_SIGN_STYLE = Automatic;
				PRODUCT_NAME = "$(TARGET_NAME)";
			};
			name = Debug;
		};
		0EBC976827C5369300AE6F49 /* Release */ = {
			isa = XCBuildConfiguration;
			buildSettings = {
				CODE_SIGN_IDENTITY = "-";
				CODE_SIGN_STYLE = Automatic;
				PRODUCT_NAME = "$(TARGET_NAME)";
			};
			name = Release;
		};
		0EBC977327D01A4400AE6F49 /* Debug */ = {
			isa = XCBuildConfiguration;
			buildSettings = {
				CODE_SIGN_IDENTITY = "-";
				CODE_SIGN_STYLE = Automatic;
				PRODUCT_NAME = "$(TARGET_NAME)";
			};
			name = Debug;
		};
		0EBC977427D01A4400AE6F49 /* Release */ = {
			isa = XCBuildConfiguration;
			buildSettings = {
				CODE_SIGN_IDENTITY = "-";
				CODE_SIGN_STYLE = Automatic;
				PRODUCT_NAME = "$(TARGET_NAME)";
			};
			name = Release;
		};
		0EBC977D27D4FACA00AE6F49 /* Debug */ = {
			isa = XCBuildConfiguration;
			buildSettings = {
				CODE_SIGN_IDENTITY = "-";
				CODE_SIGN_STYLE = Automatic;
				PRODUCT_NAME = "$(TARGET_NAME)";
			};
			name = Debug;
		};
		0EBC977E27D4FACA00AE6F49 /* Release */ = {
			isa = XCBuildConfiguration;
			buildSettings = {
				CODE_SIGN_IDENTITY = "-";
				CODE_SIGN_STYLE = Automatic;
				PRODUCT_NAME = "$(TARGET_NAME)";
			};
			name = Release;
		};
		0EBC978827D694B500AE6F49 /* Debug */ = {
			isa = XCBuildConfiguration;
			buildSettings = {
				CODE_SIGN_IDENTITY = "-";
				CODE_SIGN_STYLE = Automatic;
				PRODUCT_NAME = "$(TARGET_NAME)";
				SWIFT_ACTIVE_COMPILATION_CONDITIONS = DEBUG;
				SWIFT_OPTIMIZATION_LEVEL = "-Onone";
				SWIFT_VERSION = 5.0;
			};
			name = Debug;
		};
		0EBC978927D694B500AE6F49 /* Release */ = {
			isa = XCBuildConfiguration;
			buildSettings = {
				CODE_SIGN_IDENTITY = "-";
				CODE_SIGN_STYLE = Automatic;
				PRODUCT_NAME = "$(TARGET_NAME)";
				SWIFT_COMPILATION_MODE = wholemodule;
				SWIFT_OPTIMIZATION_LEVEL = "-O";
				SWIFT_VERSION = 5.0;
			};
			name = Release;
		};
		0EBC979427D694E100AE6F49 /* Debug */ = {
			isa = XCBuildConfiguration;
			buildSettings = {
				CODE_SIGN_IDENTITY = "-";
				CODE_SIGN_STYLE = Automatic;
				PRODUCT_NAME = "$(TARGET_NAME)";
			};
			name = Debug;
		};
		0EBC979527D694E100AE6F49 /* Release */ = {
			isa = XCBuildConfiguration;
			buildSettings = {
				CODE_SIGN_IDENTITY = "-";
				CODE_SIGN_STYLE = Automatic;
				PRODUCT_NAME = "$(TARGET_NAME)";
			};
			name = Release;
		};
		0EBC979F27D7B33000AE6F49 /* Debug */ = {
			isa = XCBuildConfiguration;
			buildSettings = {
				CODE_SIGN_IDENTITY = "-";
				CODE_SIGN_STYLE = Automatic;
				PRODUCT_NAME = "$(TARGET_NAME)";
			};
			name = Debug;
		};
		0EBC97A027D7B33000AE6F49 /* Release */ = {
			isa = XCBuildConfiguration;
			buildSettings = {
				CODE_SIGN_IDENTITY = "-";
				CODE_SIGN_STYLE = Automatic;
				PRODUCT_NAME = "$(TARGET_NAME)";
			};
			name = Release;
		};
		0EBC97AA27D7B3A600AE6F49 /* Debug */ = {
			isa = XCBuildConfiguration;
			buildSettings = {
				CODE_SIGN_IDENTITY = "-";
				CODE_SIGN_STYLE = Automatic;
				PRODUCT_NAME = "$(TARGET_NAME)";
			};
			name = Debug;
		};
		0EBC97AB27D7B3A600AE6F49 /* Release */ = {
			isa = XCBuildConfiguration;
			buildSettings = {
				CODE_SIGN_IDENTITY = "-";
				CODE_SIGN_STYLE = Automatic;
				PRODUCT_NAME = "$(TARGET_NAME)";
			};
			name = Release;
		};
/* End XCBuildConfiguration section */

/* Begin XCConfigurationList section */
		0E526FED280C92B7007B453B /* Build configuration list for PBXNativeTarget "quicksort" */ = {
			isa = XCConfigurationList;
			buildConfigurations = (
				0E526FEB280C92B7007B453B /* Debug */,
				0E526FEC280C92B7007B453B /* Release */,
			);
			defaultConfigurationIsVisible = 0;
			defaultConfigurationName = Release;
		};
		0E526FF6280C92CA007B453B /* Build configuration list for PBXNativeTarget "sort" */ = {
			isa = XCConfigurationList;
			buildConfigurations = (
				0E526FF7280C92CA007B453B /* Debug */,
				0E526FF8280C92CA007B453B /* Release */,
			);
			defaultConfigurationIsVisible = 0;
			defaultConfigurationName = Release;
		};
		0E527001280D98AD007B453B /* Build configuration list for PBXNativeTarget "I_vec_list" */ = {
			isa = XCConfigurationList;
			buildConfigurations = (
				0E527002280D98AD007B453B /* Debug */,
				0E527003280D98AD007B453B /* Release */,
			);
			defaultConfigurationIsVisible = 0;
			defaultConfigurationName = Release;
		};
		0E52700C280D98C3007B453B /* Build configuration list for PBXNativeTarget "II_vec_list" */ = {
			isa = XCConfigurationList;
			buildConfigurations = (
				0E52700D280D98C3007B453B /* Debug */,
				0E52700E280D98C3007B453B /* Release */,
			);
			defaultConfigurationIsVisible = 0;
			defaultConfigurationName = Release;
		};
		0E527017280DECC8007B453B /* Build configuration list for PBXNativeTarget "stablesort" */ = {
			isa = XCConfigurationList;
			buildConfigurations = (
				0E527018280DECC8007B453B /* Debug */,
				0E527019280DECC8007B453B /* Release */,
			);
			defaultConfigurationIsVisible = 0;
			defaultConfigurationName = Release;
		};
		0E599C7328133A9E0088D00A /* Build configuration list for PBXNativeTarget "algorithm_I" */ = {
			isa = XCConfigurationList;
			buildConfigurations = (
				0E599C7128133A9E0088D00A /* Debug */,
				0E599C7228133A9E0088D00A /* Release */,
			);
			defaultConfigurationIsVisible = 0;
			defaultConfigurationName = Release;
		};
		0E599C7C2813465E0088D00A /* Build configuration list for PBXNativeTarget "algorithm_II" */ = {
			isa = XCConfigurationList;
			buildConfigurations = (
				0E599C7D2813465E0088D00A /* Debug */,
				0E599C7E2813465E0088D00A /* Release */,
			);
			defaultConfigurationIsVisible = 0;
			defaultConfigurationName = Release;
		};
		0E599C87281447210088D00A /* Build configuration list for PBXNativeTarget "set_I" */ = {
			isa = XCConfigurationList;
			buildConfigurations = (
				0E599C88281447210088D00A /* Debug */,
				0E599C89281447210088D00A /* Release */,
			);
			defaultConfigurationIsVisible = 0;
			defaultConfigurationName = Release;
		};
		0E599C9228153C500088D00A /* Build configuration list for PBXNativeTarget "set_II" */ = {
			isa = XCConfigurationList;
			buildConfigurations = (
				0E599C9328153C500088D00A /* Debug */,
				0E599C9428153C500088D00A /* Release */,
			);
			defaultConfigurationIsVisible = 0;
			defaultConfigurationName = Release;
		};
		0E599C9D281557230088D00A /* Build configuration list for PBXNativeTarget "set_III" */ = {
			isa = XCConfigurationList;
			buildConfigurations = (
				0E599C9E281557230088D00A /* Debug */,
				0E599C9F281557230088D00A /* Release */,
			);
			defaultConfigurationIsVisible = 0;
			defaultConfigurationName = Release;
		};
		0E599CA8281577780088D00A /* Build configuration list for PBXNativeTarget "set_IV" */ = {
			isa = XCConfigurationList;
			buildConfigurations = (
				0E599CA9281577780088D00A /* Debug */,
				0E599CAA281577780088D00A /* Release */,
			);
			defaultConfigurationIsVisible = 0;
			defaultConfigurationName = Release;
		};
		0E599CB3281577850088D00A /* Build configuration list for PBXNativeTarget "map_I" */ = {
			isa = XCConfigurationList;
			buildConfigurations = (
				0E599CB4281577850088D00A /* Debug */,
				0E599CB5281577850088D00A /* Release */,
			);
			defaultConfigurationIsVisible = 0;
			defaultConfigurationName = Release;
		};
		0E599CBE281577900088D00A /* Build configuration list for PBXNativeTarget "map_II" */ = {
			isa = XCConfigurationList;
			buildConfigurations = (
				0E599CBF281577900088D00A /* Debug */,
				0E599CC0281577900088D00A /* Release */,
			);
			defaultConfigurationIsVisible = 0;
			defaultConfigurationName = Release;
		};
		0EBC96EF27BC442A00AE6F49 /* Build configuration list for PBXProject "2sem" */ = {
			isa = XCConfigurationList;
			buildConfigurations = (
				0EBC96F927BC442A00AE6F49 /* Debug */,
				0EBC96FA27BC442A00AE6F49 /* Release */,
			);
			defaultConfigurationIsVisible = 0;
			defaultConfigurationName = Release;
		};
		0EBC96FB27BC442A00AE6F49 /* Build configuration list for PBXNativeTarget "2sem" */ = {
			isa = XCConfigurationList;
			buildConfigurations = (
				0EBC96FC27BC442A00AE6F49 /* Debug */,
				0EBC96FD27BC442A00AE6F49 /* Release */,
			);
			defaultConfigurationIsVisible = 0;
			defaultConfigurationName = Release;
		};
		0EBC970627BC4BFD00AE6F49 /* Build configuration list for PBXNativeTarget "rec_II_18" */ = {
			isa = XCConfigurationList;
			buildConfigurations = (
				0EBC970727BC4BFD00AE6F49 /* Debug */,
				0EBC970827BC4BFD00AE6F49 /* Release */,
			);
			defaultConfigurationIsVisible = 0;
			defaultConfigurationName = Release;
		};
		0EBC971327BE520100AE6F49 /* Build configuration list for PBXNativeTarget "rec_III_16" */ = {
			isa = XCConfigurationList;
			buildConfigurations = (
				0EBC971127BE520100AE6F49 /* Debug */,
				0EBC971227BE520100AE6F49 /* Release */,
			);
			defaultConfigurationIsVisible = 0;
			defaultConfigurationName = Release;
		};
		0EBC971C27BE5EA500AE6F49 /* Build configuration list for PBXNativeTarget "load_IV_5" */ = {
			isa = XCConfigurationList;
			buildConfigurations = (
				0EBC971D27BE5EA500AE6F49 /* Debug */,
				0EBC971E27BE5EA500AE6F49 /* Release */,
			);
			defaultConfigurationIsVisible = 0;
			defaultConfigurationName = Release;
		};
		0EBC975D27C19FED00AE6F49 /* Build configuration list for PBXNativeTarget "temp" */ = {
			isa = XCConfigurationList;
			buildConfigurations = (
				0EBC975B27C19FED00AE6F49 /* Debug */,
				0EBC975C27C19FED00AE6F49 /* Release */,
			);
			defaultConfigurationIsVisible = 0;
			defaultConfigurationName = Release;
		};
		0EBC976627C5369300AE6F49 /* Build configuration list for PBXNativeTarget "class" */ = {
			isa = XCConfigurationList;
			buildConfigurations = (
				0EBC976727C5369300AE6F49 /* Debug */,
				0EBC976827C5369300AE6F49 /* Release */,
			);
			defaultConfigurationIsVisible = 0;
			defaultConfigurationName = Release;
		};
		0EBC977227D01A4400AE6F49 /* Build configuration list for PBXNativeTarget "else" */ = {
			isa = XCConfigurationList;
			buildConfigurations = (
				0EBC977327D01A4400AE6F49 /* Debug */,
				0EBC977427D01A4400AE6F49 /* Release */,
			);
			defaultConfigurationIsVisible = 0;
			defaultConfigurationName = Release;
		};
		0EBC977F27D4FACA00AE6F49 /* Build configuration list for PBXNativeTarget "inheritance" */ = {
			isa = XCConfigurationList;
			buildConfigurations = (
				0EBC977D27D4FACA00AE6F49 /* Debug */,
				0EBC977E27D4FACA00AE6F49 /* Release */,
			);
			defaultConfigurationIsVisible = 0;
			defaultConfigurationName = Release;
		};
		0EBC978A27D694B500AE6F49 /* Build configuration list for PBXNativeTarget "ex" */ = {
			isa = XCConfigurationList;
			buildConfigurations = (
				0EBC978827D694B500AE6F49 /* Debug */,
				0EBC978927D694B500AE6F49 /* Release */,
			);
			defaultConfigurationIsVisible = 0;
			defaultConfigurationName = Release;
		};
		0EBC979327D694E100AE6F49 /* Build configuration list for PBXNativeTarget "ex1" */ = {
			isa = XCConfigurationList;
			buildConfigurations = (
				0EBC979427D694E100AE6F49 /* Debug */,
				0EBC979527D694E100AE6F49 /* Release */,
			);
			defaultConfigurationIsVisible = 0;
			defaultConfigurationName = Release;
		};
		0EBC979E27D7B33000AE6F49 /* Build configuration list for PBXNativeTarget "lists" */ = {
			isa = XCConfigurationList;
			buildConfigurations = (
				0EBC979F27D7B33000AE6F49 /* Debug */,
				0EBC97A027D7B33000AE6F49 /* Release */,
			);
			defaultConfigurationIsVisible = 0;
			defaultConfigurationName = Release;
		};
		0EBC97A927D7B3A600AE6F49 /* Build configuration list for PBXNativeTarget "16" */ = {
			isa = XCConfigurationList;
			buildConfigurations = (
				0EBC97AA27D7B3A600AE6F49 /* Debug */,
				0EBC97AB27D7B3A600AE6F49 /* Release */,
			);
			defaultConfigurationIsVisible = 0;
			defaultConfigurationName = Release;
		};
/* End XCConfigurationList section */
	};
	rootObject = 0EBC96EC27BC442A00AE6F49 /* Project object */;
}
